// !$*UTF8*$!
{
	archiveVersion = 1;
	classes = {
	};
	objectVersion = 46;
	objects = {

/* Begin PBXBuildFile section */
		23E05DC5204532660071DE0C /* ACLListViewController.swift in Sources */ = {isa = PBXBuildFile; fileRef = 23E05D9B204532650071DE0C /* ACLListViewController.swift */; };
		23E05DC6204532660071DE0C /* APIListViewController.swift in Sources */ = {isa = PBXBuildFile; fileRef = 23E05D9C204532650071DE0C /* APIListViewController.swift */; };
		23E05DC7204532660071DE0C /* DisplayGroupChatsViewController.swift in Sources */ = {isa = PBXBuildFile; fileRef = 23E05D9E204532650071DE0C /* DisplayGroupChatsViewController.swift */; };
		23E05DC8204532660071DE0C /* ListOfUsersViewController.swift in Sources */ = {isa = PBXBuildFile; fileRef = 23E05D9F204532650071DE0C /* ListOfUsersViewController.swift */; };
		23E05DC9204532660071DE0C /* ShowChatsViewController.swift in Sources */ = {isa = PBXBuildFile; fileRef = 23E05DA0204532650071DE0C /* ShowChatsViewController.swift */; };
		23E05DCA204532660071DE0C /* CreateCheckinsViewController.swift in Sources */ = {isa = PBXBuildFile; fileRef = 23E05DA2204532650071DE0C /* CreateCheckinsViewController.swift */; };
		23E05DCB204532660071DE0C /* QueryCheckinsViewController.swift in Sources */ = {isa = PBXBuildFile; fileRef = 23E05DA3204532650071DE0C /* QueryCheckinsViewController.swift */; };
		23E05DCC204532660071DE0C /* ShowCheckinsViewController.swift in Sources */ = {isa = PBXBuildFile; fileRef = 23E05DA4204532650071DE0C /* ShowCheckinsViewController.swift */; };
		23E05DCD204532660071DE0C /* CheckinsViewControllers.swift in Sources */ = {isa = PBXBuildFile; fileRef = 23E05DA5204532650071DE0C /* CheckinsViewControllers.swift */; };
		23E05DCE204532660071DE0C /* CreateOrUpdateACLViewController.swift in Sources */ = {isa = PBXBuildFile; fileRef = 23E05DA6204532650071DE0C /* CreateOrUpdateACLViewController.swift */; };
		23E05DCF204532660071DE0C /* CreateUserViewController.swift in Sources */ = {isa = PBXBuildFile; fileRef = 23E05DA7204532650071DE0C /* CreateUserViewController.swift */; };
		23E05DD0204532660071DE0C /* CreateCustomObjViewController.swift in Sources */ = {isa = PBXBuildFile; fileRef = 23E05DA9204532650071DE0C /* CreateCustomObjViewController.swift */; };
		23E05DD1204532660071DE0C /* QueryCustomObjViewController.swift in Sources */ = {isa = PBXBuildFile; fileRef = 23E05DAA204532650071DE0C /* QueryCustomObjViewController.swift */; };
		23E05DD2204532660071DE0C /* UpdateCustomObjViewController.swift in Sources */ = {isa = PBXBuildFile; fileRef = 23E05DAB204532650071DE0C /* UpdateCustomObjViewController.swift */; };
		23E05DD3204532660071DE0C /* CreateGeoFenceViewController.swift in Sources */ = {isa = PBXBuildFile; fileRef = 23E05DAD204532650071DE0C /* CreateGeoFenceViewController.swift */; };
		23E05DD4204532660071DE0C /* QueryGeoFencViewController.swift in Sources */ = {isa = PBXBuildFile; fileRef = 23E05DAE204532650071DE0C /* QueryGeoFencViewController.swift */; };
		23E05DD5204532660071DE0C /* CreatePhotoClctnViewController.swift in Sources */ = {isa = PBXBuildFile; fileRef = 23E05DB0204532650071DE0C /* CreatePhotoClctnViewController.swift */; };
		23E05DD6204532660071DE0C /* PhotoClctnOptionsViewController.swift in Sources */ = {isa = PBXBuildFile; fileRef = 23E05DB1204532650071DE0C /* PhotoClctnOptionsViewController.swift */; };
		23E05DD7204532660071DE0C /* ShowPhotoClctnViewController.swift in Sources */ = {isa = PBXBuildFile; fileRef = 23E05DB2204532650071DE0C /* ShowPhotoClctnViewController.swift */; };
		23E05DD8204532660071DE0C /* ChoosePhotoCollection.swift in Sources */ = {isa = PBXBuildFile; fileRef = 23E05DB4204532650071DE0C /* ChoosePhotoCollection.swift */; };
		23E05DD9204532660071DE0C /* CreatePhotoViewController.swift in Sources */ = {isa = PBXBuildFile; fileRef = 23E05DB5204532650071DE0C /* CreatePhotoViewController.swift */; };
		23E05DDA204532660071DE0C /* QueryPhotoViewController.swift in Sources */ = {isa = PBXBuildFile; fileRef = 23E05DB6204532650071DE0C /* QueryPhotoViewController.swift */; };
		23E05DDB204532660071DE0C /* UpdateorDeletePhotoViewController.swift in Sources */ = {isa = PBXBuildFile; fileRef = 23E05DB7204532650071DE0C /* UpdateorDeletePhotoViewController.swift */; };
		23E05DDC204532660071DE0C /* CreatePlaceViewController.swift in Sources */ = {isa = PBXBuildFile; fileRef = 23E05DB9204532650071DE0C /* CreatePlaceViewController.swift */; };
		23E05DDD204532660071DE0C /* QueryPlaceViewController.swift in Sources */ = {isa = PBXBuildFile; fileRef = 23E05DBA204532650071DE0C /* QueryPlaceViewController.swift */; };
		23E05DDE204532660071DE0C /* SearchPlaceViewController.swift in Sources */ = {isa = PBXBuildFile; fileRef = 23E05DBB204532650071DE0C /* SearchPlaceViewController.swift */; };
		23E05DDF204532660071DE0C /* UpdateorDeletePlaceViewController.swift in Sources */ = {isa = PBXBuildFile; fileRef = 23E05DBC204532650071DE0C /* UpdateorDeletePlaceViewController.swift */; };
		23E05DE0204532660071DE0C /* PushNotifyViewController.swift in Sources */ = {isa = PBXBuildFile; fileRef = 23E05DBE204532650071DE0C /* PushNotifyViewController.swift */; };
		23E05DE1204532660071DE0C /* PushSubscriptionQueryViewController.swift in Sources */ = {isa = PBXBuildFile; fileRef = 23E05DBF204532650071DE0C /* PushSubscriptionQueryViewController.swift */; };
		23E05DE2204532660071DE0C /* PushSubscriptionViewController.swift in Sources */ = {isa = PBXBuildFile; fileRef = 23E05DC0204532650071DE0C /* PushSubscriptionViewController.swift */; };
		23E05DE3204532660071DE0C /* PushUnsubscribeViewController.swift in Sources */ = {isa = PBXBuildFile; fileRef = 23E05DC1204532650071DE0C /* PushUnsubscribeViewController.swift */; };
		23E05DE4204532660071DE0C /* QueryChannelsViewController.swift in Sources */ = {isa = PBXBuildFile; fileRef = 23E05DC2204532650071DE0C /* QueryChannelsViewController.swift */; };
		23E05DE5204532660071DE0C /* QueryListViewController.swift in Sources */ = {isa = PBXBuildFile; fileRef = 23E05DC3204532650071DE0C /* QueryListViewController.swift */; };
		23E05DE6204532660071DE0C /* ViewController.swift in Sources */ = {isa = PBXBuildFile; fileRef = 23E05DC4204532650071DE0C /* ViewController.swift */; };
		23E05F2E2045371F0071DE0C /* AlamofireImplementations.swift in Sources */ = {isa = PBXBuildFile; fileRef = 23E05EBD2045371F0071DE0C /* AlamofireImplementations.swift */; };
		23E05F2F2045371F0071DE0C /* APIHelper.swift in Sources */ = {isa = PBXBuildFile; fileRef = 23E05EBE2045371F0071DE0C /* APIHelper.swift */; };
		23E05F302045371F0071DE0C /* ACLsAPI.swift in Sources */ = {isa = PBXBuildFile; fileRef = 23E05EC02045371F0071DE0C /* ACLsAPI.swift */; };
		23E05F312045371F0071DE0C /* AdminAPI.swift in Sources */ = {isa = PBXBuildFile; fileRef = 23E05EC12045371F0071DE0C /* AdminAPI.swift */; };
		23E05F322045371F0071DE0C /* AppsAPI.swift in Sources */ = {isa = PBXBuildFile; fileRef = 23E05EC22045371F0071DE0C /* AppsAPI.swift */; };
		23E05F332045371F0071DE0C /* ChatsAPI.swift in Sources */ = {isa = PBXBuildFile; fileRef = 23E05EC32045371F0071DE0C /* ChatsAPI.swift */; };
		23E05F342045371F0071DE0C /* CheckinsAPI.swift in Sources */ = {isa = PBXBuildFile; fileRef = 23E05EC42045371F0071DE0C /* CheckinsAPI.swift */; };
		23E05F352045371F0071DE0C /* CustomObjectsAPI.swift in Sources */ = {isa = PBXBuildFile; fileRef = 23E05EC52045371F0071DE0C /* CustomObjectsAPI.swift */; };
		23E05F362045371F0071DE0C /* EmailsAPI.swift in Sources */ = {isa = PBXBuildFile; fileRef = 23E05EC62045371F0071DE0C /* EmailsAPI.swift */; };
		23E05F372045371F0071DE0C /* EmailTemplateAPI.swift in Sources */ = {isa = PBXBuildFile; fileRef = 23E05EC72045371F0071DE0C /* EmailTemplateAPI.swift */; };
		23E05F382045371F0071DE0C /* EventsAPI.swift in Sources */ = {isa = PBXBuildFile; fileRef = 23E05EC82045371F0071DE0C /* EventsAPI.swift */; };
		23E05F392045371F0071DE0C /* FilesAPI.swift in Sources */ = {isa = PBXBuildFile; fileRef = 23E05EC92045371F0071DE0C /* FilesAPI.swift */; };
		23E05F3A2045371F0071DE0C /* FriendsAPI.swift in Sources */ = {isa = PBXBuildFile; fileRef = 23E05ECA2045371F0071DE0C /* FriendsAPI.swift */; };
		23E05F3B2045371F0071DE0C /* GeoFencesAPI.swift in Sources */ = {isa = PBXBuildFile; fileRef = 23E05ECB2045371F0071DE0C /* GeoFencesAPI.swift */; };
		23E05F3C2045371F0071DE0C /* KeyValuesAPI.swift in Sources */ = {isa = PBXBuildFile; fileRef = 23E05ECC2045371F0071DE0C /* KeyValuesAPI.swift */; };
		23E05F3D2045371F0071DE0C /* LikesAPI.swift in Sources */ = {isa = PBXBuildFile; fileRef = 23E05ECD2045371F0071DE0C /* LikesAPI.swift */; };
		23E05F3E2045371F0071DE0C /* LogsAPI.swift in Sources */ = {isa = PBXBuildFile; fileRef = 23E05ECE2045371F0071DE0C /* LogsAPI.swift */; };
		23E05F3F2045371F0071DE0C /* MessagesAPI.swift in Sources */ = {isa = PBXBuildFile; fileRef = 23E05ECF2045371F0071DE0C /* MessagesAPI.swift */; };
		23E05F402045371F0071DE0C /* OrgAPI.swift in Sources */ = {isa = PBXBuildFile; fileRef = 23E05ED02045371F0071DE0C /* OrgAPI.swift */; };
		23E05F412045371F0071DE0C /* PhotoCollectionsAPI.swift in Sources */ = {isa = PBXBuildFile; fileRef = 23E05ED12045371F0071DE0C /* PhotoCollectionsAPI.swift */; };
		23E05F422045371F0071DE0C /* PhotosAPI.swift in Sources */ = {isa = PBXBuildFile; fileRef = 23E05ED22045371F0071DE0C /* PhotosAPI.swift */; };
		23E05F432045371F0071DE0C /* PlacesAPI.swift in Sources */ = {isa = PBXBuildFile; fileRef = 23E05ED32045371F0071DE0C /* PlacesAPI.swift */; };
		23E05F442045371F0071DE0C /* PostsAPI.swift in Sources */ = {isa = PBXBuildFile; fileRef = 23E05ED42045371F0071DE0C /* PostsAPI.swift */; };
		23E05F452045371F0071DE0C /* PushNotificationsAPI.swift in Sources */ = {isa = PBXBuildFile; fileRef = 23E05ED52045371F0071DE0C /* PushNotificationsAPI.swift */; };
		23E05F462045371F0071DE0C /* PushSchedulesAPI.swift in Sources */ = {isa = PBXBuildFile; fileRef = 23E05ED62045371F0071DE0C /* PushSchedulesAPI.swift */; };
		23E05F472045371F0071DE0C /* ReviewsAPI.swift in Sources */ = {isa = PBXBuildFile; fileRef = 23E05ED72045371F0071DE0C /* ReviewsAPI.swift */; };
		23E05F482045371F0071DE0C /* SocialIntegrationsAPI.swift in Sources */ = {isa = PBXBuildFile; fileRef = 23E05ED82045371F0071DE0C /* SocialIntegrationsAPI.swift */; };
		23E05F492045371F0071DE0C /* StatusesAPI.swift in Sources */ = {isa = PBXBuildFile; fileRef = 23E05ED92045371F0071DE0C /* StatusesAPI.swift */; };
		23E05F4A2045371F0071DE0C /* SystemAPI.swift in Sources */ = {isa = PBXBuildFile; fileRef = 23E05EDA2045371F0071DE0C /* SystemAPI.swift */; };
		23E05F4B2045371F0071DE0C /* UsersAPI.swift in Sources */ = {isa = PBXBuildFile; fileRef = 23E05EDB2045371F0071DE0C /* UsersAPI.swift */; };
		23E05F4C2045371F0071DE0C /* APIs.swift in Sources */ = {isa = PBXBuildFile; fileRef = 23E05EDC2045371F0071DE0C /* APIs.swift */; };
		23E05F4D2045371F0071DE0C /* ApiKeyAuth.swift in Sources */ = {isa = PBXBuildFile; fileRef = 23E05EDE2045371F0071DE0C /* ApiKeyAuth.swift */; };
		23E05F4E2045371F0071DE0C /* Authentication.swift in Sources */ = {isa = PBXBuildFile; fileRef = 23E05EDF2045371F0071DE0C /* Authentication.swift */; };
		23E05F4F2045371F0071DE0C /* HTTPBasicAuth.swift in Sources */ = {isa = PBXBuildFile; fileRef = 23E05EE02045371F0071DE0C /* HTTPBasicAuth.swift */; };
		23E05F502045371F0071DE0C /* Keychain.swift in Sources */ = {isa = PBXBuildFile; fileRef = 23E05EE12045371F0071DE0C /* Keychain.swift */; };
		23E05F512045371F0071DE0C /* OAuth.swift in Sources */ = {isa = PBXBuildFile; fileRef = 23E05EE22045371F0071DE0C /* OAuth.swift */; };
		23E05F522045371F0071DE0C /* OAuthApplication.swift in Sources */ = {isa = PBXBuildFile; fileRef = 23E05EE32045371F0071DE0C /* OAuthApplication.swift */; };
		23E05F532045371F0071DE0C /* OAuthExplicit.swift in Sources */ = {isa = PBXBuildFile; fileRef = 23E05EE42045371F0071DE0C /* OAuthExplicit.swift */; };
		23E05F542045371F0071DE0C /* OAuthImplicit.swift in Sources */ = {isa = PBXBuildFile; fileRef = 23E05EE52045371F0071DE0C /* OAuthImplicit.swift */; };
		23E05F552045371F0071DE0C /* OAuthPassword.swift in Sources */ = {isa = PBXBuildFile; fileRef = 23E05EE62045371F0071DE0C /* OAuthPassword.swift */; };
		23E05F562045371F0071DE0C /* ACLListViewController.swift in Sources */ = {isa = PBXBuildFile; fileRef = 23E05EE82045371F0071DE0C /* ACLListViewController.swift */; };
		23E05F572045371F0071DE0C /* APIListViewController.swift in Sources */ = {isa = PBXBuildFile; fileRef = 23E05EE92045371F0071DE0C /* APIListViewController.swift */; };
		23E05F582045371F0071DE0C /* DisplayGroupChatsViewController.swift in Sources */ = {isa = PBXBuildFile; fileRef = 23E05EEB2045371F0071DE0C /* DisplayGroupChatsViewController.swift */; };
		23E05F592045371F0071DE0C /* ListOfUsersViewController.swift in Sources */ = {isa = PBXBuildFile; fileRef = 23E05EEC2045371F0071DE0C /* ListOfUsersViewController.swift */; };
		23E05F5A2045371F0071DE0C /* ShowChatsViewController.swift in Sources */ = {isa = PBXBuildFile; fileRef = 23E05EED2045371F0071DE0C /* ShowChatsViewController.swift */; };
		23E05F5B2045371F0071DE0C /* CreateCheckinsViewController.swift in Sources */ = {isa = PBXBuildFile; fileRef = 23E05EEF2045371F0071DE0C /* CreateCheckinsViewController.swift */; };
		23E05F5C2045371F0071DE0C /* QueryCheckinsViewController.swift in Sources */ = {isa = PBXBuildFile; fileRef = 23E05EF02045371F0071DE0C /* QueryCheckinsViewController.swift */; };
		23E05F5D2045371F0071DE0C /* ShowCheckinsViewController.swift in Sources */ = {isa = PBXBuildFile; fileRef = 23E05EF12045371F0071DE0C /* ShowCheckinsViewController.swift */; };
		23E05F5E2045371F0071DE0C /* CheckinsViewControllers.swift in Sources */ = {isa = PBXBuildFile; fileRef = 23E05EF22045371F0071DE0C /* CheckinsViewControllers.swift */; };
		23E05F5F2045371F0071DE0C /* CreateOrUpdateACLViewController.swift in Sources */ = {isa = PBXBuildFile; fileRef = 23E05EF32045371F0071DE0C /* CreateOrUpdateACLViewController.swift */; };
		23E05F602045371F0071DE0C /* CreateUserViewController.swift in Sources */ = {isa = PBXBuildFile; fileRef = 23E05EF42045371F0071DE0C /* CreateUserViewController.swift */; };
		23E05F612045371F0071DE0C /* CreateCustomObjViewController.swift in Sources */ = {isa = PBXBuildFile; fileRef = 23E05EF62045371F0071DE0C /* CreateCustomObjViewController.swift */; };
		23E05F622045371F0071DE0C /* QueryCustomObjViewController.swift in Sources */ = {isa = PBXBuildFile; fileRef = 23E05EF72045371F0071DE0C /* QueryCustomObjViewController.swift */; };
		23E05F632045371F0071DE0C /* UpdateCustomObjViewController.swift in Sources */ = {isa = PBXBuildFile; fileRef = 23E05EF82045371F0071DE0C /* UpdateCustomObjViewController.swift */; };
		23E05F642045371F0071DE0C /* CreateGeoFenceViewController.swift in Sources */ = {isa = PBXBuildFile; fileRef = 23E05EFA2045371F0071DE0C /* CreateGeoFenceViewController.swift */; };
		23E05F652045371F0071DE0C /* QueryGeoFencViewController.swift in Sources */ = {isa = PBXBuildFile; fileRef = 23E05EFB2045371F0071DE0C /* QueryGeoFencViewController.swift */; };
		23E05F662045371F0071DE0C /* CreatePhotoClctnViewController.swift in Sources */ = {isa = PBXBuildFile; fileRef = 23E05EFD2045371F0071DE0C /* CreatePhotoClctnViewController.swift */; };
		23E05F672045371F0071DE0C /* PhotoClctnOptionsViewController.swift in Sources */ = {isa = PBXBuildFile; fileRef = 23E05EFE2045371F0071DE0C /* PhotoClctnOptionsViewController.swift */; };
		23E05F682045371F0071DE0C /* ShowPhotoClctnViewController.swift in Sources */ = {isa = PBXBuildFile; fileRef = 23E05EFF2045371F0071DE0C /* ShowPhotoClctnViewController.swift */; };
		23E05F692045371F0071DE0C /* ChoosePhotoCollection.swift in Sources */ = {isa = PBXBuildFile; fileRef = 23E05F012045371F0071DE0C /* ChoosePhotoCollection.swift */; };
		23E05F6A2045371F0071DE0C /* CreatePhotoViewController.swift in Sources */ = {isa = PBXBuildFile; fileRef = 23E05F022045371F0071DE0C /* CreatePhotoViewController.swift */; };
		23E05F6B2045371F0071DE0C /* QueryPhotoViewController.swift in Sources */ = {isa = PBXBuildFile; fileRef = 23E05F032045371F0071DE0C /* QueryPhotoViewController.swift */; };
		23E05F6C2045371F0071DE0C /* UpdateorDeletePhotoViewController.swift in Sources */ = {isa = PBXBuildFile; fileRef = 23E05F042045371F0071DE0C /* UpdateorDeletePhotoViewController.swift */; };
		23E05F6D2045371F0071DE0C /* CreatePlaceViewController.swift in Sources */ = {isa = PBXBuildFile; fileRef = 23E05F062045371F0071DE0C /* CreatePlaceViewController.swift */; };
		23E05F6E2045371F0071DE0C /* QueryPlaceViewController.swift in Sources */ = {isa = PBXBuildFile; fileRef = 23E05F072045371F0071DE0C /* QueryPlaceViewController.swift */; };
		23E05F6F2045371F0071DE0C /* SearchPlaceViewController.swift in Sources */ = {isa = PBXBuildFile; fileRef = 23E05F082045371F0071DE0C /* SearchPlaceViewController.swift */; };
		23E05F702045371F0071DE0C /* UpdateorDeletePlaceViewController.swift in Sources */ = {isa = PBXBuildFile; fileRef = 23E05F092045371F0071DE0C /* UpdateorDeletePlaceViewController.swift */; };
		23E05F712045371F0071DE0C /* PushNotifyViewController.swift in Sources */ = {isa = PBXBuildFile; fileRef = 23E05F0B2045371F0071DE0C /* PushNotifyViewController.swift */; };
		23E05F722045371F0071DE0C /* PushSubscriptionQueryViewController.swift in Sources */ = {isa = PBXBuildFile; fileRef = 23E05F0C2045371F0071DE0C /* PushSubscriptionQueryViewController.swift */; };
		23E05F732045371F0071DE0C /* PushSubscriptionViewController.swift in Sources */ = {isa = PBXBuildFile; fileRef = 23E05F0D2045371F0071DE0C /* PushSubscriptionViewController.swift */; };
		23E05F742045371F0071DE0C /* PushUnsubscribeViewController.swift in Sources */ = {isa = PBXBuildFile; fileRef = 23E05F0E2045371F0071DE0C /* PushUnsubscribeViewController.swift */; };
		23E05F752045371F0071DE0C /* QueryChannelsViewController.swift in Sources */ = {isa = PBXBuildFile; fileRef = 23E05F0F2045371F0071DE0C /* QueryChannelsViewController.swift */; };
		23E05F762045371F0071DE0C /* QueryListViewController.swift in Sources */ = {isa = PBXBuildFile; fileRef = 23E05F102045371F0071DE0C /* QueryListViewController.swift */; };
		23E05F772045371F0071DE0C /* ViewController.swift in Sources */ = {isa = PBXBuildFile; fileRef = 23E05F112045371F0071DE0C /* ViewController.swift */; };
		23E05F782045371F0071DE0C /* Extensions.swift in Sources */ = {isa = PBXBuildFile; fileRef = 23E05F122045371F0071DE0C /* Extensions.swift */; };
		23E05F792045371F0071DE0C /* ErrorResponse_.swift in Sources */ = {isa = PBXBuildFile; fileRef = 23E05F142045371F0071DE0C /* ErrorResponse_.swift */; };
		23E05F7A2045371F0071DE0C /* SuccessResponse.swift in Sources */ = {isa = PBXBuildFile; fileRef = 23E05F152045371F0071DE0C /* SuccessResponse.swift */; };
		23E05F7B2045371F0071DE0C /* UserModel.swift in Sources */ = {isa = PBXBuildFile; fileRef = 23E05F162045371F0071DE0C /* UserModel.swift */; };
		23E05F7C2045371F0071DE0C /* Models.swift in Sources */ = {isa = PBXBuildFile; fileRef = 23E05F172045371F0071DE0C /* Models.swift */; };
		23E05F7D2045371F0071DE0C /* AFError.swift in Sources */ = {isa = PBXBuildFile; fileRef = 23E05F192045371F0071DE0C /* AFError.swift */; };
		23E05F7E2045371F0071DE0C /* AXAlamofire.swift in Sources */ = {isa = PBXBuildFile; fileRef = 23E05F1A2045371F0071DE0C /* AXAlamofire.swift */; };
		23E05F7F2045371F0071DE0C /* AXMultipartFormData.swift in Sources */ = {isa = PBXBuildFile; fileRef = 23E05F1B2045371F0071DE0C /* AXMultipartFormData.swift */; };
		23E05F802045371F0071DE0C /* AXNetworkReachabilityManager.swift in Sources */ = {isa = PBXBuildFile; fileRef = 23E05F1C2045371F0071DE0C /* AXNetworkReachabilityManager.swift */; };
		23E05F812045371F0071DE0C /* AXParameterEncoding.swift in Sources */ = {isa = PBXBuildFile; fileRef = 23E05F1D2045371F0071DE0C /* AXParameterEncoding.swift */; };
		23E05F822045371F0071DE0C /* AXRequest.swift in Sources */ = {isa = PBXBuildFile; fileRef = 23E05F1E2045371F0071DE0C /* AXRequest.swift */; };
		23E05F832045371F0071DE0C /* AXResponse.swift in Sources */ = {isa = PBXBuildFile; fileRef = 23E05F1F2045371F0071DE0C /* AXResponse.swift */; };
		23E05F842045371F0071DE0C /* AXResponseSerialization.swift in Sources */ = {isa = PBXBuildFile; fileRef = 23E05F202045371F0071DE0C /* AXResponseSerialization.swift */; };
		23E05F852045371F0071DE0C /* AXResult.swift in Sources */ = {isa = PBXBuildFile; fileRef = 23E05F212045371F0071DE0C /* AXResult.swift */; };
		23E05F862045371F0071DE0C /* AXServerTrustPolicy.swift in Sources */ = {isa = PBXBuildFile; fileRef = 23E05F222045371F0071DE0C /* AXServerTrustPolicy.swift */; };
		23E05F872045371F0071DE0C /* AXSessionDelegate.swift in Sources */ = {isa = PBXBuildFile; fileRef = 23E05F232045371F0071DE0C /* AXSessionDelegate.swift */; };
		23E05F882045371F0071DE0C /* AXSessionManager.swift in Sources */ = {isa = PBXBuildFile; fileRef = 23E05F242045371F0071DE0C /* AXSessionManager.swift */; };
		23E05F892045371F0071DE0C /* AXTaskDelegate.swift in Sources */ = {isa = PBXBuildFile; fileRef = 23E05F252045371F0071DE0C /* AXTaskDelegate.swift */; };
		23E05F8A2045371F0071DE0C /* AXTimeline.swift in Sources */ = {isa = PBXBuildFile; fileRef = 23E05F262045371F0071DE0C /* AXTimeline.swift */; };
		23E05F8B2045371F0071DE0C /* AXValidation.swift in Sources */ = {isa = PBXBuildFile; fileRef = 23E05F272045371F0071DE0C /* AXValidation.swift */; };
		23E05F8C2045371F0071DE0C /* DispatchQueue+Alamofire.swift in Sources */ = {isa = PBXBuildFile; fileRef = 23E05F282045371F0071DE0C /* DispatchQueue+Alamofire.swift */; };
		23E05F8D2045371F0071DE0C /* Notifications.swift in Sources */ = {isa = PBXBuildFile; fileRef = 23E05F292045371F0071DE0C /* Notifications.swift */; };
		23E05F8E2045371F0071DE0C /* AuthBrowserController.swift in Sources */ = {isa = PBXBuildFile; fileRef = 23E05F2B2045371F0071DE0C /* AuthBrowserController.swift */; };
		23E05F8F2045371F0071DE0C /* Logger.swift in Sources */ = {isa = PBXBuildFile; fileRef = 23E05F2C2045371F0071DE0C /* Logger.swift */; };
		23E05F902045371F0071DE0C /* Utils.swift in Sources */ = {isa = PBXBuildFile; fileRef = 23E05F2D2045371F0071DE0C /* Utils.swift */; };
		7B474D201F6A5093005F044A /* ACHUD+Animation.swift in Sources */ = {isa = PBXBuildFile; fileRef = 7B474D1C1F6A5093005F044A /* ACHUD+Animation.swift */; };
		7B474D211F6A5093005F044A /* ACProgressHUD.swift in Sources */ = {isa = PBXBuildFile; fileRef = 7B474D1D1F6A5093005F044A /* ACProgressHUD.swift */; };
		7B474D221F6A5093005F044A /* ACProgressView.swift in Sources */ = {isa = PBXBuildFile; fileRef = 7B474D1E1F6A5093005F044A /* ACProgressView.swift */; };
		7B474D231F6A5093005F044A /* ACProgressView.xib in Resources */ = {isa = PBXBuildFile; fileRef = 7B474D1F1F6A5093005F044A /* ACProgressView.xib */; };
		7B5102071F690E6400A7BDF9 /* AppDelegate.swift in Sources */ = {isa = PBXBuildFile; fileRef = 7B5102061F690E6400A7BDF9 /* AppDelegate.swift */; };
		7B51020C1F690E6400A7BDF9 /* Main.storyboard in Resources */ = {isa = PBXBuildFile; fileRef = 7B51020A1F690E6400A7BDF9 /* Main.storyboard */; };
		7B51020E1F690E6400A7BDF9 /* Assets.xcassets in Resources */ = {isa = PBXBuildFile; fileRef = 7B51020D1F690E6400A7BDF9 /* Assets.xcassets */; };
		7B5102111F690E6400A7BDF9 /* LaunchScreen.storyboard in Resources */ = {isa = PBXBuildFile; fileRef = 7B51020F1F690E6400A7BDF9 /* LaunchScreen.storyboard */; };
		7B51021C1F690E6500A7BDF9 /* Axway_TestTests.swift in Sources */ = {isa = PBXBuildFile; fileRef = 7B51021B1F690E6500A7BDF9 /* Axway_TestTests.swift */; };
		7B5102271F690E6600A7BDF9 /* Axway_TestUITests.swift in Sources */ = {isa = PBXBuildFile; fileRef = 7B5102261F690E6600A7BDF9 /* Axway_TestUITests.swift */; };
		7B51ED221F7279C500A26437 /* README.md in Sources */ = {isa = PBXBuildFile; fileRef = 7B51ED211F7279C500A26437 /* README.md */; };
/* End PBXBuildFile section */

/* Begin PBXContainerItemProxy section */
		7B5102181F690E6500A7BDF9 /* PBXContainerItemProxy */ = {
			isa = PBXContainerItemProxy;
			containerPortal = 7B5101FB1F690E6400A7BDF9 /* Project object */;
			proxyType = 1;
			remoteGlobalIDString = 7B5102021F690E6400A7BDF9;
			remoteInfo = "Axway-Test";
		};
		7B5102231F690E6500A7BDF9 /* PBXContainerItemProxy */ = {
			isa = PBXContainerItemProxy;
			containerPortal = 7B5101FB1F690E6400A7BDF9 /* Project object */;
			proxyType = 1;
			remoteGlobalIDString = 7B5102021F690E6400A7BDF9;
			remoteInfo = "Axway-Test";
		};
/* End PBXContainerItemProxy section */

/* Begin PBXFileReference section */
		23E05D9B204532650071DE0C /* ACLListViewController.swift */ = {isa = PBXFileReference; fileEncoding = 4; lastKnownFileType = sourcecode.swift; path = ACLListViewController.swift; sourceTree = "<group>"; };
		23E05D9C204532650071DE0C /* APIListViewController.swift */ = {isa = PBXFileReference; fileEncoding = 4; lastKnownFileType = sourcecode.swift; path = APIListViewController.swift; sourceTree = "<group>"; };
		23E05D9E204532650071DE0C /* DisplayGroupChatsViewController.swift */ = {isa = PBXFileReference; fileEncoding = 4; lastKnownFileType = sourcecode.swift; path = DisplayGroupChatsViewController.swift; sourceTree = "<group>"; };
		23E05D9F204532650071DE0C /* ListOfUsersViewController.swift */ = {isa = PBXFileReference; fileEncoding = 4; lastKnownFileType = sourcecode.swift; path = ListOfUsersViewController.swift; sourceTree = "<group>"; };
		23E05DA0204532650071DE0C /* ShowChatsViewController.swift */ = {isa = PBXFileReference; fileEncoding = 4; lastKnownFileType = sourcecode.swift; path = ShowChatsViewController.swift; sourceTree = "<group>"; };
		23E05DA2204532650071DE0C /* CreateCheckinsViewController.swift */ = {isa = PBXFileReference; fileEncoding = 4; lastKnownFileType = sourcecode.swift; path = CreateCheckinsViewController.swift; sourceTree = "<group>"; };
		23E05DA3204532650071DE0C /* QueryCheckinsViewController.swift */ = {isa = PBXFileReference; fileEncoding = 4; lastKnownFileType = sourcecode.swift; path = QueryCheckinsViewController.swift; sourceTree = "<group>"; };
		23E05DA4204532650071DE0C /* ShowCheckinsViewController.swift */ = {isa = PBXFileReference; fileEncoding = 4; lastKnownFileType = sourcecode.swift; path = ShowCheckinsViewController.swift; sourceTree = "<group>"; };
		23E05DA5204532650071DE0C /* CheckinsViewControllers.swift */ = {isa = PBXFileReference; fileEncoding = 4; lastKnownFileType = sourcecode.swift; path = CheckinsViewControllers.swift; sourceTree = "<group>"; };
		23E05DA6204532650071DE0C /* CreateOrUpdateACLViewController.swift */ = {isa = PBXFileReference; fileEncoding = 4; lastKnownFileType = sourcecode.swift; path = CreateOrUpdateACLViewController.swift; sourceTree = "<group>"; };
		23E05DA7204532650071DE0C /* CreateUserViewController.swift */ = {isa = PBXFileReference; fileEncoding = 4; lastKnownFileType = sourcecode.swift; path = CreateUserViewController.swift; sourceTree = "<group>"; };
		23E05DA9204532650071DE0C /* CreateCustomObjViewController.swift */ = {isa = PBXFileReference; fileEncoding = 4; lastKnownFileType = sourcecode.swift; path = CreateCustomObjViewController.swift; sourceTree = "<group>"; };
		23E05DAA204532650071DE0C /* QueryCustomObjViewController.swift */ = {isa = PBXFileReference; fileEncoding = 4; lastKnownFileType = sourcecode.swift; path = QueryCustomObjViewController.swift; sourceTree = "<group>"; };
		23E05DAB204532650071DE0C /* UpdateCustomObjViewController.swift */ = {isa = PBXFileReference; fileEncoding = 4; lastKnownFileType = sourcecode.swift; path = UpdateCustomObjViewController.swift; sourceTree = "<group>"; };
		23E05DAD204532650071DE0C /* CreateGeoFenceViewController.swift */ = {isa = PBXFileReference; fileEncoding = 4; lastKnownFileType = sourcecode.swift; path = CreateGeoFenceViewController.swift; sourceTree = "<group>"; };
		23E05DAE204532650071DE0C /* QueryGeoFencViewController.swift */ = {isa = PBXFileReference; fileEncoding = 4; lastKnownFileType = sourcecode.swift; path = QueryGeoFencViewController.swift; sourceTree = "<group>"; };
		23E05DB0204532650071DE0C /* CreatePhotoClctnViewController.swift */ = {isa = PBXFileReference; fileEncoding = 4; lastKnownFileType = sourcecode.swift; path = CreatePhotoClctnViewController.swift; sourceTree = "<group>"; };
		23E05DB1204532650071DE0C /* PhotoClctnOptionsViewController.swift */ = {isa = PBXFileReference; fileEncoding = 4; lastKnownFileType = sourcecode.swift; path = PhotoClctnOptionsViewController.swift; sourceTree = "<group>"; };
		23E05DB2204532650071DE0C /* ShowPhotoClctnViewController.swift */ = {isa = PBXFileReference; fileEncoding = 4; lastKnownFileType = sourcecode.swift; path = ShowPhotoClctnViewController.swift; sourceTree = "<group>"; };
		23E05DB4204532650071DE0C /* ChoosePhotoCollection.swift */ = {isa = PBXFileReference; fileEncoding = 4; lastKnownFileType = sourcecode.swift; path = ChoosePhotoCollection.swift; sourceTree = "<group>"; };
		23E05DB5204532650071DE0C /* CreatePhotoViewController.swift */ = {isa = PBXFileReference; fileEncoding = 4; lastKnownFileType = sourcecode.swift; path = CreatePhotoViewController.swift; sourceTree = "<group>"; };
		23E05DB6204532650071DE0C /* QueryPhotoViewController.swift */ = {isa = PBXFileReference; fileEncoding = 4; lastKnownFileType = sourcecode.swift; path = QueryPhotoViewController.swift; sourceTree = "<group>"; };
		23E05DB7204532650071DE0C /* UpdateorDeletePhotoViewController.swift */ = {isa = PBXFileReference; fileEncoding = 4; lastKnownFileType = sourcecode.swift; path = UpdateorDeletePhotoViewController.swift; sourceTree = "<group>"; };
		23E05DB9204532650071DE0C /* CreatePlaceViewController.swift */ = {isa = PBXFileReference; fileEncoding = 4; lastKnownFileType = sourcecode.swift; path = CreatePlaceViewController.swift; sourceTree = "<group>"; };
		23E05DBA204532650071DE0C /* QueryPlaceViewController.swift */ = {isa = PBXFileReference; fileEncoding = 4; lastKnownFileType = sourcecode.swift; path = QueryPlaceViewController.swift; sourceTree = "<group>"; };
		23E05DBB204532650071DE0C /* SearchPlaceViewController.swift */ = {isa = PBXFileReference; fileEncoding = 4; lastKnownFileType = sourcecode.swift; path = SearchPlaceViewController.swift; sourceTree = "<group>"; };
		23E05DBC204532650071DE0C /* UpdateorDeletePlaceViewController.swift */ = {isa = PBXFileReference; fileEncoding = 4; lastKnownFileType = sourcecode.swift; path = UpdateorDeletePlaceViewController.swift; sourceTree = "<group>"; };
		23E05DBE204532650071DE0C /* PushNotifyViewController.swift */ = {isa = PBXFileReference; fileEncoding = 4; lastKnownFileType = sourcecode.swift; path = PushNotifyViewController.swift; sourceTree = "<group>"; };
		23E05DBF204532650071DE0C /* PushSubscriptionQueryViewController.swift */ = {isa = PBXFileReference; fileEncoding = 4; lastKnownFileType = sourcecode.swift; path = PushSubscriptionQueryViewController.swift; sourceTree = "<group>"; };
		23E05DC0204532650071DE0C /* PushSubscriptionViewController.swift */ = {isa = PBXFileReference; fileEncoding = 4; lastKnownFileType = sourcecode.swift; path = PushSubscriptionViewController.swift; sourceTree = "<group>"; };
		23E05DC1204532650071DE0C /* PushUnsubscribeViewController.swift */ = {isa = PBXFileReference; fileEncoding = 4; lastKnownFileType = sourcecode.swift; path = PushUnsubscribeViewController.swift; sourceTree = "<group>"; };
		23E05DC2204532650071DE0C /* QueryChannelsViewController.swift */ = {isa = PBXFileReference; fileEncoding = 4; lastKnownFileType = sourcecode.swift; path = QueryChannelsViewController.swift; sourceTree = "<group>"; };
		23E05DC3204532650071DE0C /* QueryListViewController.swift */ = {isa = PBXFileReference; fileEncoding = 4; lastKnownFileType = sourcecode.swift; path = QueryListViewController.swift; sourceTree = "<group>"; };
		23E05DC4204532650071DE0C /* ViewController.swift */ = {isa = PBXFileReference; fileEncoding = 4; lastKnownFileType = sourcecode.swift; path = ViewController.swift; sourceTree = "<group>"; };
		23E05EBD2045371F0071DE0C /* AlamofireImplementations.swift */ = {isa = PBXFileReference; fileEncoding = 4; lastKnownFileType = sourcecode.swift; path = AlamofireImplementations.swift; sourceTree = "<group>"; };
		23E05EBE2045371F0071DE0C /* APIHelper.swift */ = {isa = PBXFileReference; fileEncoding = 4; lastKnownFileType = sourcecode.swift; path = APIHelper.swift; sourceTree = "<group>"; };
		23E05EC02045371F0071DE0C /* ACLsAPI.swift */ = {isa = PBXFileReference; fileEncoding = 4; lastKnownFileType = sourcecode.swift; path = ACLsAPI.swift; sourceTree = "<group>"; };
		23E05EC12045371F0071DE0C /* AdminAPI.swift */ = {isa = PBXFileReference; fileEncoding = 4; lastKnownFileType = sourcecode.swift; path = AdminAPI.swift; sourceTree = "<group>"; };
		23E05EC22045371F0071DE0C /* AppsAPI.swift */ = {isa = PBXFileReference; fileEncoding = 4; lastKnownFileType = sourcecode.swift; path = AppsAPI.swift; sourceTree = "<group>"; };
		23E05EC32045371F0071DE0C /* ChatsAPI.swift */ = {isa = PBXFileReference; fileEncoding = 4; lastKnownFileType = sourcecode.swift; path = ChatsAPI.swift; sourceTree = "<group>"; };
		23E05EC42045371F0071DE0C /* CheckinsAPI.swift */ = {isa = PBXFileReference; fileEncoding = 4; lastKnownFileType = sourcecode.swift; path = CheckinsAPI.swift; sourceTree = "<group>"; };
		23E05EC52045371F0071DE0C /* CustomObjectsAPI.swift */ = {isa = PBXFileReference; fileEncoding = 4; lastKnownFileType = sourcecode.swift; path = CustomObjectsAPI.swift; sourceTree = "<group>"; };
		23E05EC62045371F0071DE0C /* EmailsAPI.swift */ = {isa = PBXFileReference; fileEncoding = 4; lastKnownFileType = sourcecode.swift; path = EmailsAPI.swift; sourceTree = "<group>"; };
		23E05EC72045371F0071DE0C /* EmailTemplateAPI.swift */ = {isa = PBXFileReference; fileEncoding = 4; lastKnownFileType = sourcecode.swift; path = EmailTemplateAPI.swift; sourceTree = "<group>"; };
		23E05EC82045371F0071DE0C /* EventsAPI.swift */ = {isa = PBXFileReference; fileEncoding = 4; lastKnownFileType = sourcecode.swift; path = EventsAPI.swift; sourceTree = "<group>"; };
		23E05EC92045371F0071DE0C /* FilesAPI.swift */ = {isa = PBXFileReference; fileEncoding = 4; lastKnownFileType = sourcecode.swift; path = FilesAPI.swift; sourceTree = "<group>"; };
		23E05ECA2045371F0071DE0C /* FriendsAPI.swift */ = {isa = PBXFileReference; fileEncoding = 4; lastKnownFileType = sourcecode.swift; path = FriendsAPI.swift; sourceTree = "<group>"; };
		23E05ECB2045371F0071DE0C /* GeoFencesAPI.swift */ = {isa = PBXFileReference; fileEncoding = 4; lastKnownFileType = sourcecode.swift; path = GeoFencesAPI.swift; sourceTree = "<group>"; };
		23E05ECC2045371F0071DE0C /* KeyValuesAPI.swift */ = {isa = PBXFileReference; fileEncoding = 4; lastKnownFileType = sourcecode.swift; path = KeyValuesAPI.swift; sourceTree = "<group>"; };
		23E05ECD2045371F0071DE0C /* LikesAPI.swift */ = {isa = PBXFileReference; fileEncoding = 4; lastKnownFileType = sourcecode.swift; path = LikesAPI.swift; sourceTree = "<group>"; };
		23E05ECE2045371F0071DE0C /* LogsAPI.swift */ = {isa = PBXFileReference; fileEncoding = 4; lastKnownFileType = sourcecode.swift; path = LogsAPI.swift; sourceTree = "<group>"; };
		23E05ECF2045371F0071DE0C /* MessagesAPI.swift */ = {isa = PBXFileReference; fileEncoding = 4; lastKnownFileType = sourcecode.swift; path = MessagesAPI.swift; sourceTree = "<group>"; };
		23E05ED02045371F0071DE0C /* OrgAPI.swift */ = {isa = PBXFileReference; fileEncoding = 4; lastKnownFileType = sourcecode.swift; path = OrgAPI.swift; sourceTree = "<group>"; };
		23E05ED12045371F0071DE0C /* PhotoCollectionsAPI.swift */ = {isa = PBXFileReference; fileEncoding = 4; lastKnownFileType = sourcecode.swift; path = PhotoCollectionsAPI.swift; sourceTree = "<group>"; };
		23E05ED22045371F0071DE0C /* PhotosAPI.swift */ = {isa = PBXFileReference; fileEncoding = 4; lastKnownFileType = sourcecode.swift; path = PhotosAPI.swift; sourceTree = "<group>"; };
		23E05ED32045371F0071DE0C /* PlacesAPI.swift */ = {isa = PBXFileReference; fileEncoding = 4; lastKnownFileType = sourcecode.swift; path = PlacesAPI.swift; sourceTree = "<group>"; };
		23E05ED42045371F0071DE0C /* PostsAPI.swift */ = {isa = PBXFileReference; fileEncoding = 4; lastKnownFileType = sourcecode.swift; path = PostsAPI.swift; sourceTree = "<group>"; };
		23E05ED52045371F0071DE0C /* PushNotificationsAPI.swift */ = {isa = PBXFileReference; fileEncoding = 4; lastKnownFileType = sourcecode.swift; path = PushNotificationsAPI.swift; sourceTree = "<group>"; };
		23E05ED62045371F0071DE0C /* PushSchedulesAPI.swift */ = {isa = PBXFileReference; fileEncoding = 4; lastKnownFileType = sourcecode.swift; path = PushSchedulesAPI.swift; sourceTree = "<group>"; };
		23E05ED72045371F0071DE0C /* ReviewsAPI.swift */ = {isa = PBXFileReference; fileEncoding = 4; lastKnownFileType = sourcecode.swift; path = ReviewsAPI.swift; sourceTree = "<group>"; };
		23E05ED82045371F0071DE0C /* SocialIntegrationsAPI.swift */ = {isa = PBXFileReference; fileEncoding = 4; lastKnownFileType = sourcecode.swift; path = SocialIntegrationsAPI.swift; sourceTree = "<group>"; };
		23E05ED92045371F0071DE0C /* StatusesAPI.swift */ = {isa = PBXFileReference; fileEncoding = 4; lastKnownFileType = sourcecode.swift; path = StatusesAPI.swift; sourceTree = "<group>"; };
		23E05EDA2045371F0071DE0C /* SystemAPI.swift */ = {isa = PBXFileReference; fileEncoding = 4; lastKnownFileType = sourcecode.swift; path = SystemAPI.swift; sourceTree = "<group>"; };
		23E05EDB2045371F0071DE0C /* UsersAPI.swift */ = {isa = PBXFileReference; fileEncoding = 4; lastKnownFileType = sourcecode.swift; path = UsersAPI.swift; sourceTree = "<group>"; };
		23E05EDC2045371F0071DE0C /* APIs.swift */ = {isa = PBXFileReference; fileEncoding = 4; lastKnownFileType = sourcecode.swift; path = APIs.swift; sourceTree = "<group>"; };
		23E05EDE2045371F0071DE0C /* ApiKeyAuth.swift */ = {isa = PBXFileReference; fileEncoding = 4; lastKnownFileType = sourcecode.swift; path = ApiKeyAuth.swift; sourceTree = "<group>"; };
		23E05EDF2045371F0071DE0C /* Authentication.swift */ = {isa = PBXFileReference; fileEncoding = 4; lastKnownFileType = sourcecode.swift; path = Authentication.swift; sourceTree = "<group>"; };
		23E05EE02045371F0071DE0C /* HTTPBasicAuth.swift */ = {isa = PBXFileReference; fileEncoding = 4; lastKnownFileType = sourcecode.swift; path = HTTPBasicAuth.swift; sourceTree = "<group>"; };
		23E05EE12045371F0071DE0C /* Keychain.swift */ = {isa = PBXFileReference; fileEncoding = 4; lastKnownFileType = sourcecode.swift; path = Keychain.swift; sourceTree = "<group>"; };
		23E05EE22045371F0071DE0C /* OAuth.swift */ = {isa = PBXFileReference; fileEncoding = 4; lastKnownFileType = sourcecode.swift; path = OAuth.swift; sourceTree = "<group>"; };
		23E05EE32045371F0071DE0C /* OAuthApplication.swift */ = {isa = PBXFileReference; fileEncoding = 4; lastKnownFileType = sourcecode.swift; path = OAuthApplication.swift; sourceTree = "<group>"; };
		23E05EE42045371F0071DE0C /* OAuthExplicit.swift */ = {isa = PBXFileReference; fileEncoding = 4; lastKnownFileType = sourcecode.swift; path = OAuthExplicit.swift; sourceTree = "<group>"; };
		23E05EE52045371F0071DE0C /* OAuthImplicit.swift */ = {isa = PBXFileReference; fileEncoding = 4; lastKnownFileType = sourcecode.swift; path = OAuthImplicit.swift; sourceTree = "<group>"; };
		23E05EE62045371F0071DE0C /* OAuthPassword.swift */ = {isa = PBXFileReference; fileEncoding = 4; lastKnownFileType = sourcecode.swift; path = OAuthPassword.swift; sourceTree = "<group>"; };
		23E05EE82045371F0071DE0C /* ACLListViewController.swift */ = {isa = PBXFileReference; fileEncoding = 4; lastKnownFileType = sourcecode.swift; path = ACLListViewController.swift; sourceTree = "<group>"; };
		23E05EE92045371F0071DE0C /* APIListViewController.swift */ = {isa = PBXFileReference; fileEncoding = 4; lastKnownFileType = sourcecode.swift; path = APIListViewController.swift; sourceTree = "<group>"; };
		23E05EEB2045371F0071DE0C /* DisplayGroupChatsViewController.swift */ = {isa = PBXFileReference; fileEncoding = 4; lastKnownFileType = sourcecode.swift; path = DisplayGroupChatsViewController.swift; sourceTree = "<group>"; };
		23E05EEC2045371F0071DE0C /* ListOfUsersViewController.swift */ = {isa = PBXFileReference; fileEncoding = 4; lastKnownFileType = sourcecode.swift; path = ListOfUsersViewController.swift; sourceTree = "<group>"; };
		23E05EED2045371F0071DE0C /* ShowChatsViewController.swift */ = {isa = PBXFileReference; fileEncoding = 4; lastKnownFileType = sourcecode.swift; path = ShowChatsViewController.swift; sourceTree = "<group>"; };
		23E05EEF2045371F0071DE0C /* CreateCheckinsViewController.swift */ = {isa = PBXFileReference; fileEncoding = 4; lastKnownFileType = sourcecode.swift; path = CreateCheckinsViewController.swift; sourceTree = "<group>"; };
		23E05EF02045371F0071DE0C /* QueryCheckinsViewController.swift */ = {isa = PBXFileReference; fileEncoding = 4; lastKnownFileType = sourcecode.swift; path = QueryCheckinsViewController.swift; sourceTree = "<group>"; };
		23E05EF12045371F0071DE0C /* ShowCheckinsViewController.swift */ = {isa = PBXFileReference; fileEncoding = 4; lastKnownFileType = sourcecode.swift; path = ShowCheckinsViewController.swift; sourceTree = "<group>"; };
		23E05EF22045371F0071DE0C /* CheckinsViewControllers.swift */ = {isa = PBXFileReference; fileEncoding = 4; lastKnownFileType = sourcecode.swift; path = CheckinsViewControllers.swift; sourceTree = "<group>"; };
		23E05EF32045371F0071DE0C /* CreateOrUpdateACLViewController.swift */ = {isa = PBXFileReference; fileEncoding = 4; lastKnownFileType = sourcecode.swift; path = CreateOrUpdateACLViewController.swift; sourceTree = "<group>"; };
		23E05EF42045371F0071DE0C /* CreateUserViewController.swift */ = {isa = PBXFileReference; fileEncoding = 4; lastKnownFileType = sourcecode.swift; path = CreateUserViewController.swift; sourceTree = "<group>"; };
		23E05EF62045371F0071DE0C /* CreateCustomObjViewController.swift */ = {isa = PBXFileReference; fileEncoding = 4; lastKnownFileType = sourcecode.swift; path = CreateCustomObjViewController.swift; sourceTree = "<group>"; };
		23E05EF72045371F0071DE0C /* QueryCustomObjViewController.swift */ = {isa = PBXFileReference; fileEncoding = 4; lastKnownFileType = sourcecode.swift; path = QueryCustomObjViewController.swift; sourceTree = "<group>"; };
		23E05EF82045371F0071DE0C /* UpdateCustomObjViewController.swift */ = {isa = PBXFileReference; fileEncoding = 4; lastKnownFileType = sourcecode.swift; path = UpdateCustomObjViewController.swift; sourceTree = "<group>"; };
		23E05EFA2045371F0071DE0C /* CreateGeoFenceViewController.swift */ = {isa = PBXFileReference; fileEncoding = 4; lastKnownFileType = sourcecode.swift; path = CreateGeoFenceViewController.swift; sourceTree = "<group>"; };
		23E05EFB2045371F0071DE0C /* QueryGeoFencViewController.swift */ = {isa = PBXFileReference; fileEncoding = 4; lastKnownFileType = sourcecode.swift; path = QueryGeoFencViewController.swift; sourceTree = "<group>"; };
		23E05EFD2045371F0071DE0C /* CreatePhotoClctnViewController.swift */ = {isa = PBXFileReference; fileEncoding = 4; lastKnownFileType = sourcecode.swift; path = CreatePhotoClctnViewController.swift; sourceTree = "<group>"; };
		23E05EFE2045371F0071DE0C /* PhotoClctnOptionsViewController.swift */ = {isa = PBXFileReference; fileEncoding = 4; lastKnownFileType = sourcecode.swift; path = PhotoClctnOptionsViewController.swift; sourceTree = "<group>"; };
		23E05EFF2045371F0071DE0C /* ShowPhotoClctnViewController.swift */ = {isa = PBXFileReference; fileEncoding = 4; lastKnownFileType = sourcecode.swift; path = ShowPhotoClctnViewController.swift; sourceTree = "<group>"; };
		23E05F012045371F0071DE0C /* ChoosePhotoCollection.swift */ = {isa = PBXFileReference; fileEncoding = 4; lastKnownFileType = sourcecode.swift; path = ChoosePhotoCollection.swift; sourceTree = "<group>"; };
		23E05F022045371F0071DE0C /* CreatePhotoViewController.swift */ = {isa = PBXFileReference; fileEncoding = 4; lastKnownFileType = sourcecode.swift; path = CreatePhotoViewController.swift; sourceTree = "<group>"; };
		23E05F032045371F0071DE0C /* QueryPhotoViewController.swift */ = {isa = PBXFileReference; fileEncoding = 4; lastKnownFileType = sourcecode.swift; path = QueryPhotoViewController.swift; sourceTree = "<group>"; };
		23E05F042045371F0071DE0C /* UpdateorDeletePhotoViewController.swift */ = {isa = PBXFileReference; fileEncoding = 4; lastKnownFileType = sourcecode.swift; path = UpdateorDeletePhotoViewController.swift; sourceTree = "<group>"; };
		23E05F062045371F0071DE0C /* CreatePlaceViewController.swift */ = {isa = PBXFileReference; fileEncoding = 4; lastKnownFileType = sourcecode.swift; path = CreatePlaceViewController.swift; sourceTree = "<group>"; };
		23E05F072045371F0071DE0C /* QueryPlaceViewController.swift */ = {isa = PBXFileReference; fileEncoding = 4; lastKnownFileType = sourcecode.swift; path = QueryPlaceViewController.swift; sourceTree = "<group>"; };
		23E05F082045371F0071DE0C /* SearchPlaceViewController.swift */ = {isa = PBXFileReference; fileEncoding = 4; lastKnownFileType = sourcecode.swift; path = SearchPlaceViewController.swift; sourceTree = "<group>"; };
		23E05F092045371F0071DE0C /* UpdateorDeletePlaceViewController.swift */ = {isa = PBXFileReference; fileEncoding = 4; lastKnownFileType = sourcecode.swift; path = UpdateorDeletePlaceViewController.swift; sourceTree = "<group>"; };
		23E05F0B2045371F0071DE0C /* PushNotifyViewController.swift */ = {isa = PBXFileReference; fileEncoding = 4; lastKnownFileType = sourcecode.swift; path = PushNotifyViewController.swift; sourceTree = "<group>"; };
		23E05F0C2045371F0071DE0C /* PushSubscriptionQueryViewController.swift */ = {isa = PBXFileReference; fileEncoding = 4; lastKnownFileType = sourcecode.swift; path = PushSubscriptionQueryViewController.swift; sourceTree = "<group>"; };
		23E05F0D2045371F0071DE0C /* PushSubscriptionViewController.swift */ = {isa = PBXFileReference; fileEncoding = 4; lastKnownFileType = sourcecode.swift; path = PushSubscriptionViewController.swift; sourceTree = "<group>"; };
		23E05F0E2045371F0071DE0C /* PushUnsubscribeViewController.swift */ = {isa = PBXFileReference; fileEncoding = 4; lastKnownFileType = sourcecode.swift; path = PushUnsubscribeViewController.swift; sourceTree = "<group>"; };
		23E05F0F2045371F0071DE0C /* QueryChannelsViewController.swift */ = {isa = PBXFileReference; fileEncoding = 4; lastKnownFileType = sourcecode.swift; path = QueryChannelsViewController.swift; sourceTree = "<group>"; };
		23E05F102045371F0071DE0C /* QueryListViewController.swift */ = {isa = PBXFileReference; fileEncoding = 4; lastKnownFileType = sourcecode.swift; path = QueryListViewController.swift; sourceTree = "<group>"; };
		23E05F112045371F0071DE0C /* ViewController.swift */ = {isa = PBXFileReference; fileEncoding = 4; lastKnownFileType = sourcecode.swift; path = ViewController.swift; sourceTree = "<group>"; };
		23E05F122045371F0071DE0C /* Extensions.swift */ = {isa = PBXFileReference; fileEncoding = 4; lastKnownFileType = sourcecode.swift; path = Extensions.swift; sourceTree = "<group>"; };
		23E05F142045371F0071DE0C /* ErrorResponse_.swift */ = {isa = PBXFileReference; fileEncoding = 4; lastKnownFileType = sourcecode.swift; path = ErrorResponse_.swift; sourceTree = "<group>"; };
		23E05F152045371F0071DE0C /* SuccessResponse.swift */ = {isa = PBXFileReference; fileEncoding = 4; lastKnownFileType = sourcecode.swift; path = SuccessResponse.swift; sourceTree = "<group>"; };
		23E05F162045371F0071DE0C /* UserModel.swift */ = {isa = PBXFileReference; fileEncoding = 4; lastKnownFileType = sourcecode.swift; path = UserModel.swift; sourceTree = "<group>"; };
		23E05F172045371F0071DE0C /* Models.swift */ = {isa = PBXFileReference; fileEncoding = 4; lastKnownFileType = sourcecode.swift; path = Models.swift; sourceTree = "<group>"; };
		23E05F192045371F0071DE0C /* AFError.swift */ = {isa = PBXFileReference; fileEncoding = 4; lastKnownFileType = sourcecode.swift; path = AFError.swift; sourceTree = "<group>"; };
		23E05F1A2045371F0071DE0C /* AXAlamofire.swift */ = {isa = PBXFileReference; fileEncoding = 4; lastKnownFileType = sourcecode.swift; path = AXAlamofire.swift; sourceTree = "<group>"; };
		23E05F1B2045371F0071DE0C /* AXMultipartFormData.swift */ = {isa = PBXFileReference; fileEncoding = 4; lastKnownFileType = sourcecode.swift; path = AXMultipartFormData.swift; sourceTree = "<group>"; };
		23E05F1C2045371F0071DE0C /* AXNetworkReachabilityManager.swift */ = {isa = PBXFileReference; fileEncoding = 4; lastKnownFileType = sourcecode.swift; path = AXNetworkReachabilityManager.swift; sourceTree = "<group>"; };
		23E05F1D2045371F0071DE0C /* AXParameterEncoding.swift */ = {isa = PBXFileReference; fileEncoding = 4; lastKnownFileType = sourcecode.swift; path = AXParameterEncoding.swift; sourceTree = "<group>"; };
		23E05F1E2045371F0071DE0C /* AXRequest.swift */ = {isa = PBXFileReference; fileEncoding = 4; lastKnownFileType = sourcecode.swift; path = AXRequest.swift; sourceTree = "<group>"; };
		23E05F1F2045371F0071DE0C /* AXResponse.swift */ = {isa = PBXFileReference; fileEncoding = 4; lastKnownFileType = sourcecode.swift; path = AXResponse.swift; sourceTree = "<group>"; };
		23E05F202045371F0071DE0C /* AXResponseSerialization.swift */ = {isa = PBXFileReference; fileEncoding = 4; lastKnownFileType = sourcecode.swift; path = AXResponseSerialization.swift; sourceTree = "<group>"; };
		23E05F212045371F0071DE0C /* AXResult.swift */ = {isa = PBXFileReference; fileEncoding = 4; lastKnownFileType = sourcecode.swift; path = AXResult.swift; sourceTree = "<group>"; };
		23E05F222045371F0071DE0C /* AXServerTrustPolicy.swift */ = {isa = PBXFileReference; fileEncoding = 4; lastKnownFileType = sourcecode.swift; path = AXServerTrustPolicy.swift; sourceTree = "<group>"; };
		23E05F232045371F0071DE0C /* AXSessionDelegate.swift */ = {isa = PBXFileReference; fileEncoding = 4; lastKnownFileType = sourcecode.swift; path = AXSessionDelegate.swift; sourceTree = "<group>"; };
		23E05F242045371F0071DE0C /* AXSessionManager.swift */ = {isa = PBXFileReference; fileEncoding = 4; lastKnownFileType = sourcecode.swift; path = AXSessionManager.swift; sourceTree = "<group>"; };
		23E05F252045371F0071DE0C /* AXTaskDelegate.swift */ = {isa = PBXFileReference; fileEncoding = 4; lastKnownFileType = sourcecode.swift; path = AXTaskDelegate.swift; sourceTree = "<group>"; };
		23E05F262045371F0071DE0C /* AXTimeline.swift */ = {isa = PBXFileReference; fileEncoding = 4; lastKnownFileType = sourcecode.swift; path = AXTimeline.swift; sourceTree = "<group>"; };
		23E05F272045371F0071DE0C /* AXValidation.swift */ = {isa = PBXFileReference; fileEncoding = 4; lastKnownFileType = sourcecode.swift; path = AXValidation.swift; sourceTree = "<group>"; };
		23E05F282045371F0071DE0C /* DispatchQueue+Alamofire.swift */ = {isa = PBXFileReference; fileEncoding = 4; lastKnownFileType = sourcecode.swift; path = "DispatchQueue+Alamofire.swift"; sourceTree = "<group>"; };
		23E05F292045371F0071DE0C /* Notifications.swift */ = {isa = PBXFileReference; fileEncoding = 4; lastKnownFileType = sourcecode.swift; path = Notifications.swift; sourceTree = "<group>"; };
		23E05F2B2045371F0071DE0C /* AuthBrowserController.swift */ = {isa = PBXFileReference; fileEncoding = 4; lastKnownFileType = sourcecode.swift; path = AuthBrowserController.swift; sourceTree = "<group>"; };
		23E05F2C2045371F0071DE0C /* Logger.swift */ = {isa = PBXFileReference; fileEncoding = 4; lastKnownFileType = sourcecode.swift; path = Logger.swift; sourceTree = "<group>"; };
		23E05F2D2045371F0071DE0C /* Utils.swift */ = {isa = PBXFileReference; fileEncoding = 4; lastKnownFileType = sourcecode.swift; path = Utils.swift; sourceTree = "<group>"; };
		7B474D1C1F6A5093005F044A /* ACHUD+Animation.swift */ = {isa = PBXFileReference; fileEncoding = 4; lastKnownFileType = sourcecode.swift; path = "ACHUD+Animation.swift"; sourceTree = "<group>"; };
		7B474D1D1F6A5093005F044A /* ACProgressHUD.swift */ = {isa = PBXFileReference; fileEncoding = 4; lastKnownFileType = sourcecode.swift; path = ACProgressHUD.swift; sourceTree = "<group>"; };
		7B474D1E1F6A5093005F044A /* ACProgressView.swift */ = {isa = PBXFileReference; fileEncoding = 4; lastKnownFileType = sourcecode.swift; path = ACProgressView.swift; sourceTree = "<group>"; };
		7B474D1F1F6A5093005F044A /* ACProgressView.xib */ = {isa = PBXFileReference; fileEncoding = 4; lastKnownFileType = file.xib; path = ACProgressView.xib; sourceTree = "<group>"; };
		7B5102031F690E6400A7BDF9 /* Axway-Test.app */ = {isa = PBXFileReference; explicitFileType = wrapper.application; includeInIndex = 0; path = "Axway-Test.app"; sourceTree = BUILT_PRODUCTS_DIR; };
		7B5102061F690E6400A7BDF9 /* AppDelegate.swift */ = {isa = PBXFileReference; lastKnownFileType = sourcecode.swift; path = AppDelegate.swift; sourceTree = "<group>"; };
		7B51020B1F690E6400A7BDF9 /* Base */ = {isa = PBXFileReference; lastKnownFileType = file.storyboard; name = Base; path = Base.lproj/Main.storyboard; sourceTree = "<group>"; };
		7B51020D1F690E6400A7BDF9 /* Assets.xcassets */ = {isa = PBXFileReference; lastKnownFileType = folder.assetcatalog; path = Assets.xcassets; sourceTree = "<group>"; };
		7B5102101F690E6400A7BDF9 /* Base */ = {isa = PBXFileReference; lastKnownFileType = file.storyboard; name = Base; path = Base.lproj/LaunchScreen.storyboard; sourceTree = "<group>"; };
		7B5102121F690E6400A7BDF9 /* Info.plist */ = {isa = PBXFileReference; lastKnownFileType = text.plist.xml; path = Info.plist; sourceTree = "<group>"; };
		7B5102171F690E6500A7BDF9 /* Axway-TestTests.xctest */ = {isa = PBXFileReference; explicitFileType = wrapper.cfbundle; includeInIndex = 0; path = "Axway-TestTests.xctest"; sourceTree = BUILT_PRODUCTS_DIR; };
		7B51021B1F690E6500A7BDF9 /* Axway_TestTests.swift */ = {isa = PBXFileReference; lastKnownFileType = sourcecode.swift; path = Axway_TestTests.swift; sourceTree = "<group>"; };
		7B51021D1F690E6500A7BDF9 /* Info.plist */ = {isa = PBXFileReference; lastKnownFileType = text.plist.xml; path = Info.plist; sourceTree = "<group>"; };
		7B5102221F690E6500A7BDF9 /* Axway-TestUITests.xctest */ = {isa = PBXFileReference; explicitFileType = wrapper.cfbundle; includeInIndex = 0; path = "Axway-TestUITests.xctest"; sourceTree = BUILT_PRODUCTS_DIR; };
		7B5102261F690E6600A7BDF9 /* Axway_TestUITests.swift */ = {isa = PBXFileReference; lastKnownFileType = sourcecode.swift; path = Axway_TestUITests.swift; sourceTree = "<group>"; };
		7B5102281F690E6600A7BDF9 /* Info.plist */ = {isa = PBXFileReference; lastKnownFileType = text.plist.xml; path = Info.plist; sourceTree = "<group>"; };
		7B51ED211F7279C500A26437 /* README.md */ = {isa = PBXFileReference; fileEncoding = 4; lastKnownFileType = net.daringfireball.markdown; path = README.md; sourceTree = "<group>"; };
/* End PBXFileReference section */

/* Begin PBXFrameworksBuildPhase section */
		7B5102001F690E6400A7BDF9 /* Frameworks */ = {
			isa = PBXFrameworksBuildPhase;
			buildActionMask = 2147483647;
			files = (
			);
			runOnlyForDeploymentPostprocessing = 0;
		};
		7B5102141F690E6500A7BDF9 /* Frameworks */ = {
			isa = PBXFrameworksBuildPhase;
			buildActionMask = 2147483647;
			files = (
			);
			runOnlyForDeploymentPostprocessing = 0;
		};
		7B51021F1F690E6500A7BDF9 /* Frameworks */ = {
			isa = PBXFrameworksBuildPhase;
			buildActionMask = 2147483647;
			files = (
			);
			runOnlyForDeploymentPostprocessing = 0;
		};
/* End PBXFrameworksBuildPhase section */

/* Begin PBXGroup section */
		23E05D9A204532650071DE0C /* Controllers */ = {
			isa = PBXGroup;
			children = (
				23E05D9B204532650071DE0C /* ACLListViewController.swift */,
				23E05D9C204532650071DE0C /* APIListViewController.swift */,
				23E05D9D204532650071DE0C /* Chats */,
				23E05DA1204532650071DE0C /* Checkins */,
				23E05DA5204532650071DE0C /* CheckinsViewControllers.swift */,
				23E05DA6204532650071DE0C /* CreateOrUpdateACLViewController.swift */,
				23E05DA7204532650071DE0C /* CreateUserViewController.swift */,
				23E05DA8204532650071DE0C /* CustomObject */,
				23E05DAC204532650071DE0C /* GeoFence */,
				23E05DAF204532650071DE0C /* Photo Collections */,
				23E05DB3204532650071DE0C /* Photos */,
				23E05DB8204532650071DE0C /* Places */,
				23E05DBD204532650071DE0C /* Push Notifications */,
				23E05DC3204532650071DE0C /* QueryListViewController.swift */,
				23E05DC4204532650071DE0C /* ViewController.swift */,
			);
			path = Controllers;
			sourceTree = "<group>";
		};
		23E05D9D204532650071DE0C /* Chats */ = {
			isa = PBXGroup;
			children = (
				23E05D9E204532650071DE0C /* DisplayGroupChatsViewController.swift */,
				23E05D9F204532650071DE0C /* ListOfUsersViewController.swift */,
				23E05DA0204532650071DE0C /* ShowChatsViewController.swift */,
			);
			path = Chats;
			sourceTree = "<group>";
		};
		23E05DA1204532650071DE0C /* Checkins */ = {
			isa = PBXGroup;
			children = (
				23E05DA2204532650071DE0C /* CreateCheckinsViewController.swift */,
				23E05DA3204532650071DE0C /* QueryCheckinsViewController.swift */,
				23E05DA4204532650071DE0C /* ShowCheckinsViewController.swift */,
			);
			path = Checkins;
			sourceTree = "<group>";
		};
		23E05DA8204532650071DE0C /* CustomObject */ = {
			isa = PBXGroup;
			children = (
				23E05DA9204532650071DE0C /* CreateCustomObjViewController.swift */,
				23E05DAA204532650071DE0C /* QueryCustomObjViewController.swift */,
				23E05DAB204532650071DE0C /* UpdateCustomObjViewController.swift */,
			);
			path = CustomObject;
			sourceTree = "<group>";
		};
		23E05DAC204532650071DE0C /* GeoFence */ = {
			isa = PBXGroup;
			children = (
				23E05DAD204532650071DE0C /* CreateGeoFenceViewController.swift */,
				23E05DAE204532650071DE0C /* QueryGeoFencViewController.swift */,
			);
			path = GeoFence;
			sourceTree = "<group>";
		};
		23E05DAF204532650071DE0C /* Photo Collections */ = {
			isa = PBXGroup;
			children = (
				23E05DB0204532650071DE0C /* CreatePhotoClctnViewController.swift */,
				23E05DB1204532650071DE0C /* PhotoClctnOptionsViewController.swift */,
				23E05DB2204532650071DE0C /* ShowPhotoClctnViewController.swift */,
			);
			path = "Photo Collections";
			sourceTree = "<group>";
		};
		23E05DB3204532650071DE0C /* Photos */ = {
			isa = PBXGroup;
			children = (
				23E05DB4204532650071DE0C /* ChoosePhotoCollection.swift */,
				23E05DB5204532650071DE0C /* CreatePhotoViewController.swift */,
				23E05DB6204532650071DE0C /* QueryPhotoViewController.swift */,
				23E05DB7204532650071DE0C /* UpdateorDeletePhotoViewController.swift */,
			);
			path = Photos;
			sourceTree = "<group>";
		};
		23E05DB8204532650071DE0C /* Places */ = {
			isa = PBXGroup;
			children = (
				23E05DB9204532650071DE0C /* CreatePlaceViewController.swift */,
				23E05DBA204532650071DE0C /* QueryPlaceViewController.swift */,
				23E05DBB204532650071DE0C /* SearchPlaceViewController.swift */,
				23E05DBC204532650071DE0C /* UpdateorDeletePlaceViewController.swift */,
			);
			path = Places;
			sourceTree = "<group>";
		};
		23E05DBD204532650071DE0C /* Push Notifications */ = {
			isa = PBXGroup;
			children = (
				23E05DBE204532650071DE0C /* PushNotifyViewController.swift */,
				23E05DBF204532650071DE0C /* PushSubscriptionQueryViewController.swift */,
				23E05DC0204532650071DE0C /* PushSubscriptionViewController.swift */,
				23E05DC1204532650071DE0C /* PushUnsubscribeViewController.swift */,
				23E05DC2204532650071DE0C /* QueryChannelsViewController.swift */,
			);
			path = "Push Notifications";
			sourceTree = "<group>";
		};
		23E05EBC2045371F0071DE0C /* mbass */ = {
			isa = PBXGroup;
			children = (
				23E05EBD2045371F0071DE0C /* AlamofireImplementations.swift */,
				23E05EBE2045371F0071DE0C /* APIHelper.swift */,
				23E05EBF2045371F0071DE0C /* APIs */,
				23E05EDC2045371F0071DE0C /* APIs.swift */,
				23E05EDD2045371F0071DE0C /* Auth */,
				23E05EE72045371F0071DE0C /* Controllers */,
				23E05F122045371F0071DE0C /* Extensions.swift */,
				23E05F132045371F0071DE0C /* Model */,
				23E05F172045371F0071DE0C /* Models.swift */,
				23E05F182045371F0071DE0C /* Networking */,
				23E05F2A2045371F0071DE0C /* Utils */,
			);
			path = mbass;
			sourceTree = "<group>";
		};
		23E05EBF2045371F0071DE0C /* APIs */ = {
			isa = PBXGroup;
			children = (
				23E05EC02045371F0071DE0C /* ACLsAPI.swift */,
				23E05EC12045371F0071DE0C /* AdminAPI.swift */,
				23E05EC22045371F0071DE0C /* AppsAPI.swift */,
				23E05EC32045371F0071DE0C /* ChatsAPI.swift */,
				23E05EC42045371F0071DE0C /* CheckinsAPI.swift */,
				23E05EC52045371F0071DE0C /* CustomObjectsAPI.swift */,
				23E05EC62045371F0071DE0C /* EmailsAPI.swift */,
				23E05EC72045371F0071DE0C /* EmailTemplateAPI.swift */,
				23E05EC82045371F0071DE0C /* EventsAPI.swift */,
				23E05EC92045371F0071DE0C /* FilesAPI.swift */,
				23E05ECA2045371F0071DE0C /* FriendsAPI.swift */,
				23E05ECB2045371F0071DE0C /* GeoFencesAPI.swift */,
				23E05ECC2045371F0071DE0C /* KeyValuesAPI.swift */,
				23E05ECD2045371F0071DE0C /* LikesAPI.swift */,
				23E05ECE2045371F0071DE0C /* LogsAPI.swift */,
				23E05ECF2045371F0071DE0C /* MessagesAPI.swift */,
				23E05ED02045371F0071DE0C /* OrgAPI.swift */,
				23E05ED12045371F0071DE0C /* PhotoCollectionsAPI.swift */,
				23E05ED22045371F0071DE0C /* PhotosAPI.swift */,
				23E05ED32045371F0071DE0C /* PlacesAPI.swift */,
				23E05ED42045371F0071DE0C /* PostsAPI.swift */,
				23E05ED52045371F0071DE0C /* PushNotificationsAPI.swift */,
				23E05ED62045371F0071DE0C /* PushSchedulesAPI.swift */,
				23E05ED72045371F0071DE0C /* ReviewsAPI.swift */,
				23E05ED82045371F0071DE0C /* SocialIntegrationsAPI.swift */,
				23E05ED92045371F0071DE0C /* StatusesAPI.swift */,
				23E05EDA2045371F0071DE0C /* SystemAPI.swift */,
				23E05EDB2045371F0071DE0C /* UsersAPI.swift */,
			);
			path = APIs;
			sourceTree = "<group>";
		};
		23E05EDD2045371F0071DE0C /* Auth */ = {
			isa = PBXGroup;
			children = (
				23E05EDE2045371F0071DE0C /* ApiKeyAuth.swift */,
				23E05EDF2045371F0071DE0C /* Authentication.swift */,
				23E05EE02045371F0071DE0C /* HTTPBasicAuth.swift */,
				23E05EE12045371F0071DE0C /* Keychain.swift */,
				23E05EE22045371F0071DE0C /* OAuth.swift */,
				23E05EE32045371F0071DE0C /* OAuthApplication.swift */,
				23E05EE42045371F0071DE0C /* OAuthExplicit.swift */,
				23E05EE52045371F0071DE0C /* OAuthImplicit.swift */,
				23E05EE62045371F0071DE0C /* OAuthPassword.swift */,
			);
			path = Auth;
			sourceTree = "<group>";
		};
		23E05EE72045371F0071DE0C /* Controllers */ = {
			isa = PBXGroup;
			children = (
				23E05EE82045371F0071DE0C /* ACLListViewController.swift */,
				23E05EE92045371F0071DE0C /* APIListViewController.swift */,
				23E05EEA2045371F0071DE0C /* Chats */,
				23E05EEE2045371F0071DE0C /* Checkins */,
				23E05EF22045371F0071DE0C /* CheckinsViewControllers.swift */,
				23E05EF32045371F0071DE0C /* CreateOrUpdateACLViewController.swift */,
				23E05EF42045371F0071DE0C /* CreateUserViewController.swift */,
				23E05EF52045371F0071DE0C /* CustomObject */,
				23E05EF92045371F0071DE0C /* GeoFence */,
				23E05EFC2045371F0071DE0C /* Photo Collections */,
				23E05F002045371F0071DE0C /* Photos */,
				23E05F052045371F0071DE0C /* Places */,
				23E05F0A2045371F0071DE0C /* Push Notifications */,
				23E05F102045371F0071DE0C /* QueryListViewController.swift */,
				23E05F112045371F0071DE0C /* ViewController.swift */,
			);
			path = Controllers;
			sourceTree = "<group>";
		};
		23E05EEA2045371F0071DE0C /* Chats */ = {
			isa = PBXGroup;
			children = (
				23E05EEB2045371F0071DE0C /* DisplayGroupChatsViewController.swift */,
				23E05EEC2045371F0071DE0C /* ListOfUsersViewController.swift */,
				23E05EED2045371F0071DE0C /* ShowChatsViewController.swift */,
			);
			path = Chats;
			sourceTree = "<group>";
		};
		23E05EEE2045371F0071DE0C /* Checkins */ = {
			isa = PBXGroup;
			children = (
				23E05EEF2045371F0071DE0C /* CreateCheckinsViewController.swift */,
				23E05EF02045371F0071DE0C /* QueryCheckinsViewController.swift */,
				23E05EF12045371F0071DE0C /* ShowCheckinsViewController.swift */,
			);
			path = Checkins;
			sourceTree = "<group>";
		};
		23E05EF52045371F0071DE0C /* CustomObject */ = {
			isa = PBXGroup;
			children = (
				23E05EF62045371F0071DE0C /* CreateCustomObjViewController.swift */,
				23E05EF72045371F0071DE0C /* QueryCustomObjViewController.swift */,
				23E05EF82045371F0071DE0C /* UpdateCustomObjViewController.swift */,
			);
			path = CustomObject;
			sourceTree = "<group>";
		};
		23E05EF92045371F0071DE0C /* GeoFence */ = {
			isa = PBXGroup;
			children = (
				23E05EFA2045371F0071DE0C /* CreateGeoFenceViewController.swift */,
				23E05EFB2045371F0071DE0C /* QueryGeoFencViewController.swift */,
			);
			path = GeoFence;
			sourceTree = "<group>";
		};
		23E05EFC2045371F0071DE0C /* Photo Collections */ = {
			isa = PBXGroup;
			children = (
				23E05EFD2045371F0071DE0C /* CreatePhotoClctnViewController.swift */,
				23E05EFE2045371F0071DE0C /* PhotoClctnOptionsViewController.swift */,
				23E05EFF2045371F0071DE0C /* ShowPhotoClctnViewController.swift */,
			);
			path = "Photo Collections";
			sourceTree = "<group>";
		};
		23E05F002045371F0071DE0C /* Photos */ = {
			isa = PBXGroup;
			children = (
				23E05F012045371F0071DE0C /* ChoosePhotoCollection.swift */,
				23E05F022045371F0071DE0C /* CreatePhotoViewController.swift */,
				23E05F032045371F0071DE0C /* QueryPhotoViewController.swift */,
				23E05F042045371F0071DE0C /* UpdateorDeletePhotoViewController.swift */,
			);
			path = Photos;
			sourceTree = "<group>";
		};
		23E05F052045371F0071DE0C /* Places */ = {
			isa = PBXGroup;
			children = (
				23E05F062045371F0071DE0C /* CreatePlaceViewController.swift */,
				23E05F072045371F0071DE0C /* QueryPlaceViewController.swift */,
				23E05F082045371F0071DE0C /* SearchPlaceViewController.swift */,
				23E05F092045371F0071DE0C /* UpdateorDeletePlaceViewController.swift */,
			);
			path = Places;
			sourceTree = "<group>";
		};
		23E05F0A2045371F0071DE0C /* Push Notifications */ = {
			isa = PBXGroup;
			children = (
				23E05F0B2045371F0071DE0C /* PushNotifyViewController.swift */,
				23E05F0C2045371F0071DE0C /* PushSubscriptionQueryViewController.swift */,
				23E05F0D2045371F0071DE0C /* PushSubscriptionViewController.swift */,
				23E05F0E2045371F0071DE0C /* PushUnsubscribeViewController.swift */,
				23E05F0F2045371F0071DE0C /* QueryChannelsViewController.swift */,
			);
			path = "Push Notifications";
			sourceTree = "<group>";
		};
		23E05F132045371F0071DE0C /* Model */ = {
			isa = PBXGroup;
			children = (
				23E05F142045371F0071DE0C /* ErrorResponse_.swift */,
				23E05F152045371F0071DE0C /* SuccessResponse.swift */,
				23E05F162045371F0071DE0C /* UserModel.swift */,
			);
			path = Model;
			sourceTree = "<group>";
		};
		23E05F182045371F0071DE0C /* Networking */ = {
			isa = PBXGroup;
			children = (
				23E05F192045371F0071DE0C /* AFError.swift */,
				23E05F1A2045371F0071DE0C /* AXAlamofire.swift */,
				23E05F1B2045371F0071DE0C /* AXMultipartFormData.swift */,
				23E05F1C2045371F0071DE0C /* AXNetworkReachabilityManager.swift */,
				23E05F1D2045371F0071DE0C /* AXParameterEncoding.swift */,
				23E05F1E2045371F0071DE0C /* AXRequest.swift */,
				23E05F1F2045371F0071DE0C /* AXResponse.swift */,
				23E05F202045371F0071DE0C /* AXResponseSerialization.swift */,
				23E05F212045371F0071DE0C /* AXResult.swift */,
				23E05F222045371F0071DE0C /* AXServerTrustPolicy.swift */,
				23E05F232045371F0071DE0C /* AXSessionDelegate.swift */,
				23E05F242045371F0071DE0C /* AXSessionManager.swift */,
				23E05F252045371F0071DE0C /* AXTaskDelegate.swift */,
				23E05F262045371F0071DE0C /* AXTimeline.swift */,
				23E05F272045371F0071DE0C /* AXValidation.swift */,
				23E05F282045371F0071DE0C /* DispatchQueue+Alamofire.swift */,
				23E05F292045371F0071DE0C /* Notifications.swift */,
			);
			path = Networking;
			sourceTree = "<group>";
		};
		23E05F2A2045371F0071DE0C /* Utils */ = {
			isa = PBXGroup;
			children = (
				23E05F2B2045371F0071DE0C /* AuthBrowserController.swift */,
				23E05F2C2045371F0071DE0C /* Logger.swift */,
				23E05F2D2045371F0071DE0C /* Utils.swift */,
			);
			path = Utils;
			sourceTree = "<group>";
		};
		7B474D1B1F6A5093005F044A /* Source */ = {
			isa = PBXGroup;
			children = (
				7B474D1C1F6A5093005F044A /* ACHUD+Animation.swift */,
				7B474D1D1F6A5093005F044A /* ACProgressHUD.swift */,
				7B474D1E1F6A5093005F044A /* ACProgressView.swift */,
				7B474D1F1F6A5093005F044A /* ACProgressView.xib */,
			);
			path = Source;
			sourceTree = "<group>";
		};
		7B5101FA1F690E6400A7BDF9 = {
			isa = PBXGroup;
			children = (
				7B51ED211F7279C500A26437 /* README.md */,
				7B5102051F690E6400A7BDF9 /* Axway-Test */,
				7B51021A1F690E6500A7BDF9 /* Axway-TestTests */,
				7B5102251F690E6500A7BDF9 /* Axway-TestUITests */,
				7B5102041F690E6400A7BDF9 /* Products */,
			);
			sourceTree = "<group>";
		};
		7B5102041F690E6400A7BDF9 /* Products */ = {
			isa = PBXGroup;
			children = (
				7B5102031F690E6400A7BDF9 /* Axway-Test.app */,
				7B5102171F690E6500A7BDF9 /* Axway-TestTests.xctest */,
				7B5102221F690E6500A7BDF9 /* Axway-TestUITests.xctest */,
			);
			name = Products;
			sourceTree = "<group>";
		};
		7B5102051F690E6400A7BDF9 /* Axway-Test */ = {
			isa = PBXGroup;
			children = (
				23E05EBC2045371F0071DE0C /* mbass */,
				23E05D9A204532650071DE0C /* Controllers */,
				7B474D1B1F6A5093005F044A /* Source */,
				7B5102061F690E6400A7BDF9 /* AppDelegate.swift */,
				7B51020A1F690E6400A7BDF9 /* Main.storyboard */,
				7B51020D1F690E6400A7BDF9 /* Assets.xcassets */,
				7B51020F1F690E6400A7BDF9 /* LaunchScreen.storyboard */,
				7B5102121F690E6400A7BDF9 /* Info.plist */,
			);
			path = "Axway-Test";
			sourceTree = "<group>";
		};
		7B51021A1F690E6500A7BDF9 /* Axway-TestTests */ = {
			isa = PBXGroup;
			children = (
				7B51021B1F690E6500A7BDF9 /* Axway_TestTests.swift */,
				7B51021D1F690E6500A7BDF9 /* Info.plist */,
			);
			path = "Axway-TestTests";
			sourceTree = "<group>";
		};
		7B5102251F690E6500A7BDF9 /* Axway-TestUITests */ = {
			isa = PBXGroup;
			children = (
				7B5102261F690E6600A7BDF9 /* Axway_TestUITests.swift */,
				7B5102281F690E6600A7BDF9 /* Info.plist */,
			);
			path = "Axway-TestUITests";
			sourceTree = "<group>";
		};
/* End PBXGroup section */

/* Begin PBXNativeTarget section */
		7B5102021F690E6400A7BDF9 /* Axway-Test */ = {
			isa = PBXNativeTarget;
			buildConfigurationList = 7B51022B1F690E6600A7BDF9 /* Build configuration list for PBXNativeTarget "Axway-Test" */;
			buildPhases = (
				7B5101FF1F690E6400A7BDF9 /* Sources */,
				7B5102001F690E6400A7BDF9 /* Frameworks */,
				7B5102011F690E6400A7BDF9 /* Resources */,
			);
			buildRules = (
			);
			dependencies = (
			);
			name = "Axway-Test";
			productName = "Axway-Test";
			productReference = 7B5102031F690E6400A7BDF9 /* Axway-Test.app */;
			productType = "com.apple.product-type.application";
		};
		7B5102161F690E6500A7BDF9 /* Axway-TestTests */ = {
			isa = PBXNativeTarget;
			buildConfigurationList = 7B51022E1F690E6600A7BDF9 /* Build configuration list for PBXNativeTarget "Axway-TestTests" */;
			buildPhases = (
				7B5102131F690E6500A7BDF9 /* Sources */,
				7B5102141F690E6500A7BDF9 /* Frameworks */,
				7B5102151F690E6500A7BDF9 /* Resources */,
			);
			buildRules = (
			);
			dependencies = (
				7B5102191F690E6500A7BDF9 /* PBXTargetDependency */,
			);
			name = "Axway-TestTests";
			productName = "Axway-TestTests";
			productReference = 7B5102171F690E6500A7BDF9 /* Axway-TestTests.xctest */;
			productType = "com.apple.product-type.bundle.unit-test";
		};
		7B5102211F690E6500A7BDF9 /* Axway-TestUITests */ = {
			isa = PBXNativeTarget;
			buildConfigurationList = 7B5102311F690E6600A7BDF9 /* Build configuration list for PBXNativeTarget "Axway-TestUITests" */;
			buildPhases = (
				7B51021E1F690E6500A7BDF9 /* Sources */,
				7B51021F1F690E6500A7BDF9 /* Frameworks */,
				7B5102201F690E6500A7BDF9 /* Resources */,
			);
			buildRules = (
			);
			dependencies = (
				7B5102241F690E6500A7BDF9 /* PBXTargetDependency */,
			);
			name = "Axway-TestUITests";
			productName = "Axway-TestUITests";
			productReference = 7B5102221F690E6500A7BDF9 /* Axway-TestUITests.xctest */;
			productType = "com.apple.product-type.bundle.ui-testing";
		};
/* End PBXNativeTarget section */

/* Begin PBXProject section */
		7B5101FB1F690E6400A7BDF9 /* Project object */ = {
			isa = PBXProject;
			attributes = {
				LastSwiftUpdateCheck = 0830;
				LastUpgradeCheck = 0830;
				ORGANIZATIONNAME = Innominds;
				TargetAttributes = {
					7B5102021F690E6400A7BDF9 = {
						CreatedOnToolsVersion = 8.3.3;
						DevelopmentTeam = 3PVLLN695R;
						ProvisioningStyle = Manual;
					};
					7B5102161F690E6500A7BDF9 = {
						CreatedOnToolsVersion = 8.3.3;
						DevelopmentTeam = 3PVLLN695R;
						ProvisioningStyle = Automatic;
						TestTargetID = 7B5102021F690E6400A7BDF9;
					};
					7B5102211F690E6500A7BDF9 = {
						CreatedOnToolsVersion = 8.3.3;
						DevelopmentTeam = 3PVLLN695R;
						ProvisioningStyle = Automatic;
						TestTargetID = 7B5102021F690E6400A7BDF9;
					};
				};
			};
			buildConfigurationList = 7B5101FE1F690E6400A7BDF9 /* Build configuration list for PBXProject "Axway-Test" */;
			compatibilityVersion = "Xcode 3.2";
			developmentRegion = English;
			hasScannedForEncodings = 0;
			knownRegions = (
				en,
				Base,
			);
			mainGroup = 7B5101FA1F690E6400A7BDF9;
			productRefGroup = 7B5102041F690E6400A7BDF9 /* Products */;
			projectDirPath = "";
			projectRoot = "";
			targets = (
				7B5102021F690E6400A7BDF9 /* Axway-Test */,
				7B5102161F690E6500A7BDF9 /* Axway-TestTests */,
				7B5102211F690E6500A7BDF9 /* Axway-TestUITests */,
			);
		};
/* End PBXProject section */

/* Begin PBXResourcesBuildPhase section */
		7B5102011F690E6400A7BDF9 /* Resources */ = {
			isa = PBXResourcesBuildPhase;
			buildActionMask = 2147483647;
			files = (
				7B5102111F690E6400A7BDF9 /* LaunchScreen.storyboard in Resources */,
				7B51020E1F690E6400A7BDF9 /* Assets.xcassets in Resources */,
				7B51020C1F690E6400A7BDF9 /* Main.storyboard in Resources */,
				7B474D231F6A5093005F044A /* ACProgressView.xib in Resources */,
			);
			runOnlyForDeploymentPostprocessing = 0;
		};
		7B5102151F690E6500A7BDF9 /* Resources */ = {
			isa = PBXResourcesBuildPhase;
			buildActionMask = 2147483647;
			files = (
			);
			runOnlyForDeploymentPostprocessing = 0;
		};
		7B5102201F690E6500A7BDF9 /* Resources */ = {
			isa = PBXResourcesBuildPhase;
			buildActionMask = 2147483647;
			files = (
			);
			runOnlyForDeploymentPostprocessing = 0;
		};
/* End PBXResourcesBuildPhase section */

/* Begin PBXSourcesBuildPhase section */
		7B5101FF1F690E6400A7BDF9 /* Sources */ = {
			isa = PBXSourcesBuildPhase;
			buildActionMask = 2147483647;
			files = (
				23E05DC7204532660071DE0C /* DisplayGroupChatsViewController.swift in Sources */,
				23E05DE3204532660071DE0C /* PushUnsubscribeViewController.swift in Sources */,
				23E05DCF204532660071DE0C /* CreateUserViewController.swift in Sources */,
				23E05DD5204532660071DE0C /* CreatePhotoClctnViewController.swift in Sources */,
				23E05F802045371F0071DE0C /* AXNetworkReachabilityManager.swift in Sources */,
				23E05F352045371F0071DE0C /* CustomObjectsAPI.swift in Sources */,
				23E05F3B2045371F0071DE0C /* GeoFencesAPI.swift in Sources */,
				23E05F382045371F0071DE0C /* EventsAPI.swift in Sources */,
				23E05F782045371F0071DE0C /* Extensions.swift in Sources */,
				23E05F6A2045371F0071DE0C /* CreatePhotoViewController.swift in Sources */,
				23E05F3E2045371F0071DE0C /* LogsAPI.swift in Sources */,
				23E05F4C2045371F0071DE0C /* APIs.swift in Sources */,
				23E05F5B2045371F0071DE0C /* CreateCheckinsViewController.swift in Sources */,
				23E05DD3204532660071DE0C /* CreateGeoFenceViewController.swift in Sources */,
				23E05F302045371F0071DE0C /* ACLsAPI.swift in Sources */,
				23E05F8A2045371F0071DE0C /* AXTimeline.swift in Sources */,
				7B51ED221F7279C500A26437 /* README.md in Sources */,
				23E05F462045371F0071DE0C /* PushSchedulesAPI.swift in Sources */,
				23E05F592045371F0071DE0C /* ListOfUsersViewController.swift in Sources */,
				23E05F332045371F0071DE0C /* ChatsAPI.swift in Sources */,
				23E05DC9204532660071DE0C /* ShowChatsViewController.swift in Sources */,
				23E05F4D2045371F0071DE0C /* ApiKeyAuth.swift in Sources */,
				23E05F5E2045371F0071DE0C /* CheckinsViewControllers.swift in Sources */,
				23E05F862045371F0071DE0C /* AXServerTrustPolicy.swift in Sources */,
				23E05F7C2045371F0071DE0C /* Models.swift in Sources */,
				23E05F472045371F0071DE0C /* ReviewsAPI.swift in Sources */,
				23E05F562045371F0071DE0C /* ACLListViewController.swift in Sources */,
				23E05F722045371F0071DE0C /* PushSubscriptionQueryViewController.swift in Sources */,
				23E05F7A2045371F0071DE0C /* SuccessResponse.swift in Sources */,
				23E05F792045371F0071DE0C /* ErrorResponse_.swift in Sources */,
				23E05F8D2045371F0071DE0C /* Notifications.swift in Sources */,
				23E05DCB204532660071DE0C /* QueryCheckinsViewController.swift in Sources */,
				23E05F3A2045371F0071DE0C /* FriendsAPI.swift in Sources */,
				23E05F392045371F0071DE0C /* FilesAPI.swift in Sources */,
				23E05F5C2045371F0071DE0C /* QueryCheckinsViewController.swift in Sources */,
				23E05F672045371F0071DE0C /* PhotoClctnOptionsViewController.swift in Sources */,
				23E05F542045371F0071DE0C /* OAuthImplicit.swift in Sources */,
				23E05F6B2045371F0071DE0C /* QueryPhotoViewController.swift in Sources */,
				23E05F572045371F0071DE0C /* APIListViewController.swift in Sources */,
				23E05DDA204532660071DE0C /* QueryPhotoViewController.swift in Sources */,
				23E05DD4204532660071DE0C /* QueryGeoFencViewController.swift in Sources */,
				23E05F532045371F0071DE0C /* OAuthExplicit.swift in Sources */,
				23E05F632045371F0071DE0C /* UpdateCustomObjViewController.swift in Sources */,
				7B474D201F6A5093005F044A /* ACHUD+Animation.swift in Sources */,
				23E05F8F2045371F0071DE0C /* Logger.swift in Sources */,
				23E05DCD204532660071DE0C /* CheckinsViewControllers.swift in Sources */,
				23E05F692045371F0071DE0C /* ChoosePhotoCollection.swift in Sources */,
				23E05F742045371F0071DE0C /* PushUnsubscribeViewController.swift in Sources */,
				23E05F822045371F0071DE0C /* AXRequest.swift in Sources */,
				23E05F4F2045371F0071DE0C /* HTTPBasicAuth.swift in Sources */,
				23E05F8B2045371F0071DE0C /* AXValidation.swift in Sources */,
				23E05F502045371F0071DE0C /* Keychain.swift in Sources */,
				7B474D211F6A5093005F044A /* ACProgressHUD.swift in Sources */,
				23E05F712045371F0071DE0C /* PushNotifyViewController.swift in Sources */,
				23E05F872045371F0071DE0C /* AXSessionDelegate.swift in Sources */,
				23E05F882045371F0071DE0C /* AXSessionManager.swift in Sources */,
				23E05DDC204532660071DE0C /* CreatePlaceViewController.swift in Sources */,
				23E05DDD204532660071DE0C /* QueryPlaceViewController.swift in Sources */,
				23E05F612045371F0071DE0C /* CreateCustomObjViewController.swift in Sources */,
				23E05F732045371F0071DE0C /* PushSubscriptionViewController.swift in Sources */,
				23E05F312045371F0071DE0C /* AdminAPI.swift in Sources */,
				23E05DE4204532660071DE0C /* QueryChannelsViewController.swift in Sources */,
				23E05F5F2045371F0071DE0C /* CreateOrUpdateACLViewController.swift in Sources */,
				23E05F6D2045371F0071DE0C /* CreatePlaceViewController.swift in Sources */,
				23E05DDE204532660071DE0C /* SearchPlaceViewController.swift in Sources */,
				23E05F8E2045371F0071DE0C /* AuthBrowserController.swift in Sources */,
				23E05F842045371F0071DE0C /* AXResponseSerialization.swift in Sources */,
				23E05F602045371F0071DE0C /* CreateUserViewController.swift in Sources */,
				23E05F682045371F0071DE0C /* ShowPhotoClctnViewController.swift in Sources */,
				23E05DD2204532660071DE0C /* UpdateCustomObjViewController.swift in Sources */,
				23E05DD8204532660071DE0C /* ChoosePhotoCollection.swift in Sources */,
				23E05F832045371F0071DE0C /* AXResponse.swift in Sources */,
				23E05F5A2045371F0071DE0C /* ShowChatsViewController.swift in Sources */,
				23E05F442045371F0071DE0C /* PostsAPI.swift in Sources */,
				23E05DD1204532660071DE0C /* QueryCustomObjViewController.swift in Sources */,
				23E05DE6204532660071DE0C /* ViewController.swift in Sources */,
				23E05F652045371F0071DE0C /* QueryGeoFencViewController.swift in Sources */,
				23E05F582045371F0071DE0C /* DisplayGroupChatsViewController.swift in Sources */,
				23E05F4A2045371F0071DE0C /* SystemAPI.swift in Sources */,
				7B474D221F6A5093005F044A /* ACProgressView.swift in Sources */,
				23E05F402045371F0071DE0C /* OrgAPI.swift in Sources */,
				23E05F8C2045371F0071DE0C /* DispatchQueue+Alamofire.swift in Sources */,
				23E05F892045371F0071DE0C /* AXTaskDelegate.swift in Sources */,
				23E05DCC204532660071DE0C /* ShowCheckinsViewController.swift in Sources */,
				23E05F7F2045371F0071DE0C /* AXMultipartFormData.swift in Sources */,
				23E05F7D2045371F0071DE0C /* AFError.swift in Sources */,
				23E05DE0204532660071DE0C /* PushNotifyViewController.swift in Sources */,
				23E05F7B2045371F0071DE0C /* UserModel.swift in Sources */,
				23E05F452045371F0071DE0C /* PushNotificationsAPI.swift in Sources */,
				23E05F622045371F0071DE0C /* QueryCustomObjViewController.swift in Sources */,
				23E05F552045371F0071DE0C /* OAuthPassword.swift in Sources */,
				23E05DD9204532660071DE0C /* CreatePhotoViewController.swift in Sources */,
				23E05F2F2045371F0071DE0C /* APIHelper.swift in Sources */,
				23E05F372045371F0071DE0C /* EmailTemplateAPI.swift in Sources */,
				23E05F702045371F0071DE0C /* UpdateorDeletePlaceViewController.swift in Sources */,
				23E05F522045371F0071DE0C /* OAuthApplication.swift in Sources */,
				23E05F492045371F0071DE0C /* StatusesAPI.swift in Sources */,
				23E05F772045371F0071DE0C /* ViewController.swift in Sources */,
				23E05F4B2045371F0071DE0C /* UsersAPI.swift in Sources */,
				7B5102071F690E6400A7BDF9 /* AppDelegate.swift in Sources */,
				23E05F362045371F0071DE0C /* EmailsAPI.swift in Sources */,
				23E05F342045371F0071DE0C /* CheckinsAPI.swift in Sources */,
				23E05DC8204532660071DE0C /* ListOfUsersViewController.swift in Sources */,
				23E05F3F2045371F0071DE0C /* MessagesAPI.swift in Sources */,
				23E05DC6204532660071DE0C /* APIListViewController.swift in Sources */,
				23E05DD0204532660071DE0C /* CreateCustomObjViewController.swift in Sources */,
				23E05F5D2045371F0071DE0C /* ShowCheckinsViewController.swift in Sources */,
				23E05F902045371F0071DE0C /* Utils.swift in Sources */,
				23E05DC5204532660071DE0C /* ACLListViewController.swift in Sources */,
				23E05F7E2045371F0071DE0C /* AXAlamofire.swift in Sources */,
				23E05F852045371F0071DE0C /* AXResult.swift in Sources */,
				23E05F3C2045371F0071DE0C /* KeyValuesAPI.swift in Sources */,
				23E05DD6204532660071DE0C /* PhotoClctnOptionsViewController.swift in Sources */,
				23E05F6E2045371F0071DE0C /* QueryPlaceViewController.swift in Sources */,
				23E05F322045371F0071DE0C /* AppsAPI.swift in Sources */,
				23E05F812045371F0071DE0C /* AXParameterEncoding.swift in Sources */,
				23E05DDB204532660071DE0C /* UpdateorDeletePhotoViewController.swift in Sources */,
				23E05F422045371F0071DE0C /* PhotosAPI.swift in Sources */,
				23E05F662045371F0071DE0C /* CreatePhotoClctnViewController.swift in Sources */,
				23E05DE2204532660071DE0C /* PushSubscriptionViewController.swift in Sources */,
				23E05F6F2045371F0071DE0C /* SearchPlaceViewController.swift in Sources */,
				23E05F642045371F0071DE0C /* CreateGeoFenceViewController.swift in Sources */,
				23E05DE5204532660071DE0C /* QueryListViewController.swift in Sources */,
				23E05F2E2045371F0071DE0C /* AlamofireImplementations.swift in Sources */,
				23E05F6C2045371F0071DE0C /* UpdateorDeletePhotoViewController.swift in Sources */,
				23E05DCE204532660071DE0C /* CreateOrUpdateACLViewController.swift in Sources */,
				23E05DD7204532660071DE0C /* ShowPhotoClctnViewController.swift in Sources */,
				23E05F432045371F0071DE0C /* PlacesAPI.swift in Sources */,
				23E05F482045371F0071DE0C /* SocialIntegrationsAPI.swift in Sources */,
				23E05DE1204532660071DE0C /* PushSubscriptionQueryViewController.swift in Sources */,
				23E05F512045371F0071DE0C /* OAuth.swift in Sources */,
				23E05F762045371F0071DE0C /* QueryListViewController.swift in Sources */,
				23E05F3D2045371F0071DE0C /* LikesAPI.swift in Sources */,
				23E05F412045371F0071DE0C /* PhotoCollectionsAPI.swift in Sources */,
				23E05DDF204532660071DE0C /* UpdateorDeletePlaceViewController.swift in Sources */,
				23E05F752045371F0071DE0C /* QueryChannelsViewController.swift in Sources */,
				23E05DCA204532660071DE0C /* CreateCheckinsViewController.swift in Sources */,
				23E05F4E2045371F0071DE0C /* Authentication.swift in Sources */,
			);
			runOnlyForDeploymentPostprocessing = 0;
		};
		7B5102131F690E6500A7BDF9 /* Sources */ = {
			isa = PBXSourcesBuildPhase;
			buildActionMask = 2147483647;
			files = (
				7B51021C1F690E6500A7BDF9 /* Axway_TestTests.swift in Sources */,
			);
			runOnlyForDeploymentPostprocessing = 0;
		};
		7B51021E1F690E6500A7BDF9 /* Sources */ = {
			isa = PBXSourcesBuildPhase;
			buildActionMask = 2147483647;
			files = (
				7B5102271F690E6600A7BDF9 /* Axway_TestUITests.swift in Sources */,
			);
			runOnlyForDeploymentPostprocessing = 0;
		};
/* End PBXSourcesBuildPhase section */

/* Begin PBXTargetDependency section */
		7B5102191F690E6500A7BDF9 /* PBXTargetDependency */ = {
			isa = PBXTargetDependency;
			target = 7B5102021F690E6400A7BDF9 /* Axway-Test */;
			targetProxy = 7B5102181F690E6500A7BDF9 /* PBXContainerItemProxy */;
		};
		7B5102241F690E6500A7BDF9 /* PBXTargetDependency */ = {
			isa = PBXTargetDependency;
			target = 7B5102021F690E6400A7BDF9 /* Axway-Test */;
			targetProxy = 7B5102231F690E6500A7BDF9 /* PBXContainerItemProxy */;
		};
/* End PBXTargetDependency section */

/* Begin PBXVariantGroup section */
		7B51020A1F690E6400A7BDF9 /* Main.storyboard */ = {
			isa = PBXVariantGroup;
			children = (
				7B51020B1F690E6400A7BDF9 /* Base */,
			);
			name = Main.storyboard;
			sourceTree = "<group>";
		};
		7B51020F1F690E6400A7BDF9 /* LaunchScreen.storyboard */ = {
			isa = PBXVariantGroup;
			children = (
				7B5102101F690E6400A7BDF9 /* Base */,
			);
			name = LaunchScreen.storyboard;
			sourceTree = "<group>";
		};
/* End PBXVariantGroup section */

/* Begin XCBuildConfiguration section */
		7B5102291F690E6600A7BDF9 /* Debug */ = {
			isa = XCBuildConfiguration;
			buildSettings = {
				ALWAYS_SEARCH_USER_PATHS = NO;
				CLANG_ANALYZER_NONNULL = YES;
				CLANG_ANALYZER_NUMBER_OBJECT_CONVERSION = YES_AGGRESSIVE;
				CLANG_CXX_LANGUAGE_STANDARD = "gnu++0x";
				CLANG_CXX_LIBRARY = "libc++";
				CLANG_ENABLE_MODULES = YES;
				CLANG_ENABLE_OBJC_ARC = YES;
				CLANG_WARN_BOOL_CONVERSION = YES;
				CLANG_WARN_CONSTANT_CONVERSION = YES;
				CLANG_WARN_DIRECT_OBJC_ISA_USAGE = YES_ERROR;
				CLANG_WARN_DOCUMENTATION_COMMENTS = YES;
				CLANG_WARN_EMPTY_BODY = YES;
				CLANG_WARN_ENUM_CONVERSION = YES;
				CLANG_WARN_INFINITE_RECURSION = YES;
				CLANG_WARN_INT_CONVERSION = YES;
				CLANG_WARN_OBJC_ROOT_CLASS = YES_ERROR;
				CLANG_WARN_SUSPICIOUS_MOVE = YES;
				CLANG_WARN_UNREACHABLE_CODE = YES;
				CLANG_WARN__DUPLICATE_METHOD_MATCH = YES;
				"CODE_SIGN_IDENTITY[sdk=iphoneos*]" = "iPhone Developer";
				COPY_PHASE_STRIP = NO;
				DEBUG_INFORMATION_FORMAT = dwarf;
				ENABLE_STRICT_OBJC_MSGSEND = YES;
				ENABLE_TESTABILITY = YES;
				GCC_C_LANGUAGE_STANDARD = gnu99;
				GCC_DYNAMIC_NO_PIC = NO;
				GCC_NO_COMMON_BLOCKS = YES;
				GCC_OPTIMIZATION_LEVEL = 0;
				GCC_PREPROCESSOR_DEFINITIONS = (
					"DEBUG=1",
					"$(inherited)",
				);
				GCC_WARN_64_TO_32_BIT_CONVERSION = YES;
				GCC_WARN_ABOUT_RETURN_TYPE = YES_ERROR;
				GCC_WARN_UNDECLARED_SELECTOR = YES;
				GCC_WARN_UNINITIALIZED_AUTOS = YES_AGGRESSIVE;
				GCC_WARN_UNUSED_FUNCTION = YES;
				GCC_WARN_UNUSED_VARIABLE = YES;
				IPHONEOS_DEPLOYMENT_TARGET = 10.3;
				MTL_ENABLE_DEBUG_INFO = YES;
				ONLY_ACTIVE_ARCH = YES;
				SDKROOT = iphoneos;
				SWIFT_ACTIVE_COMPILATION_CONDITIONS = DEBUG;
				SWIFT_OPTIMIZATION_LEVEL = "-Onone";
			};
			name = Debug;
		};
		7B51022A1F690E6600A7BDF9 /* Release */ = {
			isa = XCBuildConfiguration;
			buildSettings = {
				ALWAYS_SEARCH_USER_PATHS = NO;
				CLANG_ANALYZER_NONNULL = YES;
				CLANG_ANALYZER_NUMBER_OBJECT_CONVERSION = YES_AGGRESSIVE;
				CLANG_CXX_LANGUAGE_STANDARD = "gnu++0x";
				CLANG_CXX_LIBRARY = "libc++";
				CLANG_ENABLE_MODULES = YES;
				CLANG_ENABLE_OBJC_ARC = YES;
				CLANG_WARN_BOOL_CONVERSION = YES;
				CLANG_WARN_CONSTANT_CONVERSION = YES;
				CLANG_WARN_DIRECT_OBJC_ISA_USAGE = YES_ERROR;
				CLANG_WARN_DOCUMENTATION_COMMENTS = YES;
				CLANG_WARN_EMPTY_BODY = YES;
				CLANG_WARN_ENUM_CONVERSION = YES;
				CLANG_WARN_INFINITE_RECURSION = YES;
				CLANG_WARN_INT_CONVERSION = YES;
				CLANG_WARN_OBJC_ROOT_CLASS = YES_ERROR;
				CLANG_WARN_SUSPICIOUS_MOVE = YES;
				CLANG_WARN_UNREACHABLE_CODE = YES;
				CLANG_WARN__DUPLICATE_METHOD_MATCH = YES;
				"CODE_SIGN_IDENTITY[sdk=iphoneos*]" = "iPhone Developer";
				COPY_PHASE_STRIP = NO;
				DEBUG_INFORMATION_FORMAT = "dwarf-with-dsym";
				ENABLE_NS_ASSERTIONS = NO;
				ENABLE_STRICT_OBJC_MSGSEND = YES;
				GCC_C_LANGUAGE_STANDARD = gnu99;
				GCC_NO_COMMON_BLOCKS = YES;
				GCC_WARN_64_TO_32_BIT_CONVERSION = YES;
				GCC_WARN_ABOUT_RETURN_TYPE = YES_ERROR;
				GCC_WARN_UNDECLARED_SELECTOR = YES;
				GCC_WARN_UNINITIALIZED_AUTOS = YES_AGGRESSIVE;
				GCC_WARN_UNUSED_FUNCTION = YES;
				GCC_WARN_UNUSED_VARIABLE = YES;
				IPHONEOS_DEPLOYMENT_TARGET = 10.3;
				MTL_ENABLE_DEBUG_INFO = NO;
				SDKROOT = iphoneos;
				SWIFT_OPTIMIZATION_LEVEL = "-Owholemodule";
				VALIDATE_PRODUCT = YES;
			};
			name = Release;
		};
		7B51022C1F690E6600A7BDF9 /* Debug */ = {
			isa = XCBuildConfiguration;
			buildSettings = {
				ASSETCATALOG_COMPILER_APPICON_NAME = AppIcon;
				CODE_SIGN_IDENTITY = "iPhone Developer: Sreedhar Tadavarthy (Y89UHW869P)";
				CODE_SIGN_STYLE = Manual;
				DEVELOPMENT_TEAM = 3PVLLN695R;
				INFOPLIST_FILE = "Axway-Test/Info.plist";
				LD_RUNPATH_SEARCH_PATHS = "$(inherited) @executable_path/Frameworks";
				PRODUCT_BUNDLE_IDENTIFIER = "com.innominds.Axway-Test";
				PRODUCT_NAME = "$(TARGET_NAME)";
				PROVISIONING_PROFILE = "51ddfbe1-b1c5-4d9e-9fb0-30ed1a165ac2";
				PROVISIONING_PROFILE_SPECIFIER = "Innominds Development Latest Profile";
				SWIFT_VERSION = 3.0;
			};
			name = Debug;
		};
		7B51022D1F690E6600A7BDF9 /* Release */ = {
			isa = XCBuildConfiguration;
			buildSettings = {
				ASSETCATALOG_COMPILER_APPICON_NAME = AppIcon;
				CODE_SIGN_IDENTITY = "iPhone Developer: Sreedhar Tadavarthy (Y89UHW869P)";
				CODE_SIGN_STYLE = Manual;
				DEVELOPMENT_TEAM = 3PVLLN695R;
				INFOPLIST_FILE = "Axway-Test/Info.plist";
				LD_RUNPATH_SEARCH_PATHS = "$(inherited) @executable_path/Frameworks";
				PRODUCT_BUNDLE_IDENTIFIER = "com.innominds.Axway-Test";
				PRODUCT_NAME = "$(TARGET_NAME)";
				PROVISIONING_PROFILE = "51ddfbe1-b1c5-4d9e-9fb0-30ed1a165ac2";
				PROVISIONING_PROFILE_SPECIFIER = "Innominds Development Latest Profile";
				SWIFT_VERSION = 3.0;
			};
			name = Release;
		};
		7B51022F1F690E6600A7BDF9 /* Debug */ = {
			isa = XCBuildConfiguration;
			buildSettings = {
				ALWAYS_EMBED_SWIFT_STANDARD_LIBRARIES = YES;
				BUNDLE_LOADER = "$(TEST_HOST)";
				DEVELOPMENT_TEAM = 3PVLLN695R;
				INFOPLIST_FILE = "Axway-TestTests/Info.plist";
				LD_RUNPATH_SEARCH_PATHS = "$(inherited) @executable_path/Frameworks @loader_path/Frameworks";
				PRODUCT_BUNDLE_IDENTIFIER = "com.innominds.Axway-TestTests";
				PRODUCT_NAME = "$(TARGET_NAME)";
				SWIFT_VERSION = 3.0;
				TEST_HOST = "$(BUILT_PRODUCTS_DIR)/Axway-Test.app/Axway-Test";
			};
			name = Debug;
		};
		7B5102301F690E6600A7BDF9 /* Release */ = {
			isa = XCBuildConfiguration;
			buildSettings = {
				ALWAYS_EMBED_SWIFT_STANDARD_LIBRARIES = YES;
				BUNDLE_LOADER = "$(TEST_HOST)";
				DEVELOPMENT_TEAM = 3PVLLN695R;
				INFOPLIST_FILE = "Axway-TestTests/Info.plist";
				LD_RUNPATH_SEARCH_PATHS = "$(inherited) @executable_path/Frameworks @loader_path/Frameworks";
				PRODUCT_BUNDLE_IDENTIFIER = "com.innominds.Axway-TestTests";
				PRODUCT_NAME = "$(TARGET_NAME)";
				SWIFT_VERSION = 3.0;
				TEST_HOST = "$(BUILT_PRODUCTS_DIR)/Axway-Test.app/Axway-Test";
			};
			name = Release;
		};
		7B5102321F690E6600A7BDF9 /* Debug */ = {
			isa = XCBuildConfiguration;
			buildSettings = {
				ALWAYS_EMBED_SWIFT_STANDARD_LIBRARIES = YES;
				DEVELOPMENT_TEAM = 3PVLLN695R;
				INFOPLIST_FILE = "Axway-TestUITests/Info.plist";
				LD_RUNPATH_SEARCH_PATHS = "$(inherited) @executable_path/Frameworks @loader_path/Frameworks";
				PRODUCT_BUNDLE_IDENTIFIER = "com.innominds.Axway-TestUITests";
				PRODUCT_NAME = "$(TARGET_NAME)";
				SWIFT_VERSION = 3.0;
				TEST_TARGET_NAME = "Axway-Test";
			};
			name = Debug;
		};
		7B5102331F690E6600A7BDF9 /* Release */ = {
			isa = XCBuildConfiguration;
			buildSettings = {
				ALWAYS_EMBED_SWIFT_STANDARD_LIBRARIES = YES;
				DEVELOPMENT_TEAM = 3PVLLN695R;
				INFOPLIST_FILE = "Axway-TestUITests/Info.plist";
				LD_RUNPATH_SEARCH_PATHS = "$(inherited) @executable_path/Frameworks @loader_path/Frameworks";
				PRODUCT_BUNDLE_IDENTIFIER = "com.innominds.Axway-TestUITests";
				PRODUCT_NAME = "$(TARGET_NAME)";
				SWIFT_VERSION = 3.0;
				TEST_TARGET_NAME = "Axway-Test";
			};
			name = Release;
		};
/* End XCBuildConfiguration section */

/* Begin XCConfigurationList section */
		7B5101FE1F690E6400A7BDF9 /* Build configuration list for PBXProject "Axway-Test" */ = {
			isa = XCConfigurationList;
			buildConfigurations = (
				7B5102291F690E6600A7BDF9 /* Debug */,
				7B51022A1F690E6600A7BDF9 /* Release */,
			);
			defaultConfigurationIsVisible = 0;
			defaultConfigurationName = Release;
		};
		7B51022B1F690E6600A7BDF9 /* Build configuration list for PBXNativeTarget "Axway-Test" */ = {
			isa = XCConfigurationList;
			buildConfigurations = (
				7B51022C1F690E6600A7BDF9 /* Debug */,
				7B51022D1F690E6600A7BDF9 /* Release */,
			);
			defaultConfigurationIsVisible = 0;
			defaultConfigurationName = Release;
		};
		7B51022E1F690E6600A7BDF9 /* Build configuration list for PBXNativeTarget "Axway-TestTests" */ = {
			isa = XCConfigurationList;
			buildConfigurations = (
				7B51022F1F690E6600A7BDF9 /* Debug */,
				7B5102301F690E6600A7BDF9 /* Release */,
			);
			defaultConfigurationIsVisible = 0;
			defaultConfigurationName = Release;
		};
		7B5102311F690E6600A7BDF9 /* Build configuration list for PBXNativeTarget "Axway-TestUITests" */ = {
			isa = XCConfigurationList;
			buildConfigurations = (
				7B5102321F690E6600A7BDF9 /* Debug */,
				7B5102331F690E6600A7BDF9 /* Release */,
			);
			defaultConfigurationIsVisible = 0;
			defaultConfigurationName = Release;
		};
/* End XCConfigurationList section */
	};
	rootObject = 7B5101FB1F690E6400A7BDF9 /* Project object */;
}
