// !$*UTF8*$!
{
	archiveVersion = 1;
	classes = {
	};
	objectVersion = 46;
	objects = {

/* Begin PBXBuildFile section */
		230AEDCC1FF6699400402DF8 /* CreatePhotoViewController.swift in Sources */ = {isa = PBXBuildFile; fileRef = 230AEDC91FF6699300402DF8 /* CreatePhotoViewController.swift */; };
		230AEDCD1FF6699400402DF8 /* QueryPhotoViewController.swift in Sources */ = {isa = PBXBuildFile; fileRef = 230AEDCA1FF6699300402DF8 /* QueryPhotoViewController.swift */; };
		230AEDCE1FF6699400402DF8 /* UpdateorDeletePhotoViewController.swift in Sources */ = {isa = PBXBuildFile; fileRef = 230AEDCB1FF6699300402DF8 /* UpdateorDeletePhotoViewController.swift */; };
		2341373D202C50CD0012DC1E /* ChoosePhotoCollection.swift in Sources */ = {isa = PBXBuildFile; fileRef = 2341373C202C50CD0012DC1E /* ChoosePhotoCollection.swift */; };
		236BBBD11FF27EBF00DD0D9D /* CreateGeoFenceViewController.swift in Sources */ = {isa = PBXBuildFile; fileRef = 236BBBCF1FF27EBF00DD0D9D /* CreateGeoFenceViewController.swift */; };
		236BBBD21FF27EBF00DD0D9D /* QueryGeoFencViewController.swift in Sources */ = {isa = PBXBuildFile; fileRef = 236BBBD01FF27EBF00DD0D9D /* QueryGeoFencViewController.swift */; };
		236BBBD51FF39B3A00DD0D9D /* CreateCheckinsViewController.swift in Sources */ = {isa = PBXBuildFile; fileRef = 236BBBD41FF39B3A00DD0D9D /* CreateCheckinsViewController.swift */; };
		236BBBD91FF39B6900DD0D9D /* QueryCheckinsViewController.swift in Sources */ = {isa = PBXBuildFile; fileRef = 236BBBD81FF39B6900DD0D9D /* QueryCheckinsViewController.swift */; };
		236BBBDD1FF39B8800DD0D9D /* ShowCheckinsViewController.swift in Sources */ = {isa = PBXBuildFile; fileRef = 236BBBDC1FF39B8800DD0D9D /* ShowCheckinsViewController.swift */; };
		236BBBE01FF3C3D600DD0D9D /* CreatePhotoClctnViewController.swift in Sources */ = {isa = PBXBuildFile; fileRef = 236BBBDF1FF3C3D000DD0D9D /* CreatePhotoClctnViewController.swift */; };
		236BBBE21FF3C46000DD0D9D /* ShowPhotoClctnViewController.swift in Sources */ = {isa = PBXBuildFile; fileRef = 236BBBE11FF3C46000DD0D9D /* ShowPhotoClctnViewController.swift */; };
		236BBBE81FF3C52B00DD0D9D /* PhotoClctnOptionsViewController.swift in Sources */ = {isa = PBXBuildFile; fileRef = 236BBBE71FF3C52B00DD0D9D /* PhotoClctnOptionsViewController.swift */; };
		237BDA851FF61A8B0004768B /* QueryPlaceViewController.swift in Sources */ = {isa = PBXBuildFile; fileRef = 237BDA811FF61A890004768B /* QueryPlaceViewController.swift */; };
		237BDA861FF61A8B0004768B /* SearchPlaceViewController.swift in Sources */ = {isa = PBXBuildFile; fileRef = 237BDA821FF61A890004768B /* SearchPlaceViewController.swift */; };
		237BDA871FF61A8B0004768B /* CreatePlaceViewController.swift in Sources */ = {isa = PBXBuildFile; fileRef = 237BDA831FF61A890004768B /* CreatePlaceViewController.swift */; };
		237BDA881FF61A8B0004768B /* UpdateorDeletePlaceViewController.swift in Sources */ = {isa = PBXBuildFile; fileRef = 237BDA841FF61A8A0004768B /* UpdateorDeletePlaceViewController.swift */; };
		2391C7811FF62D1B007F0E7B /* PushNotifyViewController.swift in Sources */ = {isa = PBXBuildFile; fileRef = 2391C77C1FF62D1B007F0E7B /* PushNotifyViewController.swift */; };
		2391C7821FF62D1B007F0E7B /* PushSubscriptionQueryViewController.swift in Sources */ = {isa = PBXBuildFile; fileRef = 2391C77D1FF62D1B007F0E7B /* PushSubscriptionQueryViewController.swift */; };
		2391C7831FF62D1B007F0E7B /* PushSubscriptionViewController.swift in Sources */ = {isa = PBXBuildFile; fileRef = 2391C77E1FF62D1B007F0E7B /* PushSubscriptionViewController.swift */; };
		2391C7841FF62D1B007F0E7B /* PushUnsubscribeViewController.swift in Sources */ = {isa = PBXBuildFile; fileRef = 2391C77F1FF62D1B007F0E7B /* PushUnsubscribeViewController.swift */; };
		2391C7851FF62D1B007F0E7B /* QueryChannelsViewController.swift in Sources */ = {isa = PBXBuildFile; fileRef = 2391C7801FF62D1B007F0E7B /* QueryChannelsViewController.swift */; };
		23BCE7461FE7BFC000A4DDA5 /* ShowChatsViewController.swift in Sources */ = {isa = PBXBuildFile; fileRef = 23BCE7451FE7BFC000A4DDA5 /* ShowChatsViewController.swift */; };
		23BCE7491FE91C1E00A4DDA5 /* DisplayGroupChatsViewController.swift in Sources */ = {isa = PBXBuildFile; fileRef = 23BCE7481FE91C1D00A4DDA5 /* DisplayGroupChatsViewController.swift */; };
		23BCE74B1FE9231700A4DDA5 /* ListOfUsersViewController.swift in Sources */ = {isa = PBXBuildFile; fileRef = 23BCE74A1FE9231700A4DDA5 /* ListOfUsersViewController.swift */; };
		23C58BE11FEBAF9A00DC014B /* CreateCustomObjViewController.swift in Sources */ = {isa = PBXBuildFile; fileRef = 23C58BE01FEBAF9900DC014B /* CreateCustomObjViewController.swift */; };
		23C58BE31FEBAFB800DC014B /* QueryCustomObjViewController.swift in Sources */ = {isa = PBXBuildFile; fileRef = 23C58BE21FEBAFB800DC014B /* QueryCustomObjViewController.swift */; };
		23C58BE71FEBAFEF00DC014B /* UpdateCustomObjViewController.swift in Sources */ = {isa = PBXBuildFile; fileRef = 23C58BE61FEBAFEE00DC014B /* UpdateCustomObjViewController.swift */; };
		23CECA481FDE85F200D40693 /* CreateUserViewController.swift in Sources */ = {isa = PBXBuildFile; fileRef = 23CECA471FDE85F200D40693 /* CreateUserViewController.swift */; };
		23CECA4A1FDE886500D40693 /* Utils.swift in Sources */ = {isa = PBXBuildFile; fileRef = 23CECA491FDE886500D40693 /* Utils.swift */; };
		7B474D201F6A5093005F044A /* ACHUD+Animation.swift in Sources */ = {isa = PBXBuildFile; fileRef = 7B474D1C1F6A5093005F044A /* ACHUD+Animation.swift */; };
		7B474D211F6A5093005F044A /* ACProgressHUD.swift in Sources */ = {isa = PBXBuildFile; fileRef = 7B474D1D1F6A5093005F044A /* ACProgressHUD.swift */; };
		7B474D221F6A5093005F044A /* ACProgressView.swift in Sources */ = {isa = PBXBuildFile; fileRef = 7B474D1E1F6A5093005F044A /* ACProgressView.swift */; };
		7B474D231F6A5093005F044A /* ACProgressView.xib in Resources */ = {isa = PBXBuildFile; fileRef = 7B474D1F1F6A5093005F044A /* ACProgressView.xib */; };
		7B474D251F6BB53D005F044A /* ACLListViewController.swift in Sources */ = {isa = PBXBuildFile; fileRef = 7B474D241F6BB53D005F044A /* ACLListViewController.swift */; };
		7B474D271F6BB742005F044A /* CreateOrUpdateACLViewController.swift in Sources */ = {isa = PBXBuildFile; fileRef = 7B474D261F6BB741005F044A /* CreateOrUpdateACLViewController.swift */; };
		7B5102071F690E6400A7BDF9 /* AppDelegate.swift in Sources */ = {isa = PBXBuildFile; fileRef = 7B5102061F690E6400A7BDF9 /* AppDelegate.swift */; };
		7B5102091F690E6400A7BDF9 /* ViewController.swift in Sources */ = {isa = PBXBuildFile; fileRef = 7B5102081F690E6400A7BDF9 /* ViewController.swift */; };
		7B51020C1F690E6400A7BDF9 /* Main.storyboard in Resources */ = {isa = PBXBuildFile; fileRef = 7B51020A1F690E6400A7BDF9 /* Main.storyboard */; };
		7B51020E1F690E6400A7BDF9 /* Assets.xcassets in Resources */ = {isa = PBXBuildFile; fileRef = 7B51020D1F690E6400A7BDF9 /* Assets.xcassets */; };
		7B5102111F690E6400A7BDF9 /* LaunchScreen.storyboard in Resources */ = {isa = PBXBuildFile; fileRef = 7B51020F1F690E6400A7BDF9 /* LaunchScreen.storyboard */; };
		7B51021C1F690E6500A7BDF9 /* Axway_TestTests.swift in Sources */ = {isa = PBXBuildFile; fileRef = 7B51021B1F690E6500A7BDF9 /* Axway_TestTests.swift */; };
		7B5102271F690E6600A7BDF9 /* Axway_TestUITests.swift in Sources */ = {isa = PBXBuildFile; fileRef = 7B5102261F690E6600A7BDF9 /* Axway_TestUITests.swift */; };
		7B5102B91F69170600A7BDF9 /* APIListViewController.swift in Sources */ = {isa = PBXBuildFile; fileRef = 7B5102B81F69170600A7BDF9 /* APIListViewController.swift */; };
		7B51ED221F7279C500A26437 /* README.md in Sources */ = {isa = PBXBuildFile; fileRef = 7B51ED211F7279C500A26437 /* README.md */; };
		AD5CA77F2021CEA500226691 /* QueryListViewController.swift in Sources */ = {isa = PBXBuildFile; fileRef = AD5CA77E2021CEA500226691 /* QueryListViewController.swift */; };
/* End PBXBuildFile section */

/* Begin PBXContainerItemProxy section */
		7B5102181F690E6500A7BDF9 /* PBXContainerItemProxy */ = {
			isa = PBXContainerItemProxy;
			containerPortal = 7B5101FB1F690E6400A7BDF9 /* Project object */;
			proxyType = 1;
			remoteGlobalIDString = 7B5102021F690E6400A7BDF9;
			remoteInfo = "Axway-Test";
		};
		7B5102231F690E6500A7BDF9 /* PBXContainerItemProxy */ = {
			isa = PBXContainerItemProxy;
			containerPortal = 7B5101FB1F690E6400A7BDF9 /* Project object */;
			proxyType = 1;
			remoteGlobalIDString = 7B5102021F690E6400A7BDF9;
			remoteInfo = "Axway-Test";
		};
/* End PBXContainerItemProxy section */

/* Begin PBXFileReference section */
		230AEDC91FF6699300402DF8 /* CreatePhotoViewController.swift */ = {isa = PBXFileReference; fileEncoding = 4; lastKnownFileType = sourcecode.swift; path = CreatePhotoViewController.swift; sourceTree = "<group>"; };
		230AEDCA1FF6699300402DF8 /* QueryPhotoViewController.swift */ = {isa = PBXFileReference; fileEncoding = 4; lastKnownFileType = sourcecode.swift; path = QueryPhotoViewController.swift; sourceTree = "<group>"; };
		230AEDCB1FF6699300402DF8 /* UpdateorDeletePhotoViewController.swift */ = {isa = PBXFileReference; fileEncoding = 4; lastKnownFileType = sourcecode.swift; path = UpdateorDeletePhotoViewController.swift; sourceTree = "<group>"; };
		23354F7B203D6B7900ACF905 /* AlamofireImplementations.swift */ = {isa = PBXFileReference; lastKnownFileType = sourcecode.swift; path = AlamofireImplementations.swift; sourceTree = "<group>"; };
		23354F7C203D6B7900ACF905 /* APIHelper.swift */ = {isa = PBXFileReference; lastKnownFileType = sourcecode.swift; path = APIHelper.swift; sourceTree = "<group>"; };
		23354F7E203D6B7900ACF905 /* ACLsAPI.swift */ = {isa = PBXFileReference; lastKnownFileType = sourcecode.swift; path = ACLsAPI.swift; sourceTree = "<group>"; };
		23354F7F203D6B7900ACF905 /* AdminAPI.swift */ = {isa = PBXFileReference; lastKnownFileType = sourcecode.swift; path = AdminAPI.swift; sourceTree = "<group>"; };
		23354F80203D6B7900ACF905 /* AppsAPI.swift */ = {isa = PBXFileReference; lastKnownFileType = sourcecode.swift; path = AppsAPI.swift; sourceTree = "<group>"; };
		23354F81203D6B7900ACF905 /* ChatsAPI.swift */ = {isa = PBXFileReference; lastKnownFileType = sourcecode.swift; path = ChatsAPI.swift; sourceTree = "<group>"; };
		23354F82203D6B7900ACF905 /* CheckinsAPI.swift */ = {isa = PBXFileReference; lastKnownFileType = sourcecode.swift; path = CheckinsAPI.swift; sourceTree = "<group>"; };
		23354F83203D6B7900ACF905 /* CustomObjectsAPI.swift */ = {isa = PBXFileReference; lastKnownFileType = sourcecode.swift; path = CustomObjectsAPI.swift; sourceTree = "<group>"; };
		23354F84203D6B7900ACF905 /* EmailsAPI.swift */ = {isa = PBXFileReference; lastKnownFileType = sourcecode.swift; path = EmailsAPI.swift; sourceTree = "<group>"; };
		23354F85203D6B7900ACF905 /* EmailTemplateAPI.swift */ = {isa = PBXFileReference; lastKnownFileType = sourcecode.swift; path = EmailTemplateAPI.swift; sourceTree = "<group>"; };
		23354F86203D6B7900ACF905 /* EventsAPI.swift */ = {isa = PBXFileReference; lastKnownFileType = sourcecode.swift; path = EventsAPI.swift; sourceTree = "<group>"; };
		23354F87203D6B7900ACF905 /* FilesAPI.swift */ = {isa = PBXFileReference; lastKnownFileType = sourcecode.swift; path = FilesAPI.swift; sourceTree = "<group>"; };
		23354F88203D6B7900ACF905 /* FriendsAPI.swift */ = {isa = PBXFileReference; lastKnownFileType = sourcecode.swift; path = FriendsAPI.swift; sourceTree = "<group>"; };
		23354F89203D6B7900ACF905 /* GeoFencesAPI.swift */ = {isa = PBXFileReference; lastKnownFileType = sourcecode.swift; path = GeoFencesAPI.swift; sourceTree = "<group>"; };
		23354F8A203D6B7900ACF905 /* KeyValuesAPI.swift */ = {isa = PBXFileReference; lastKnownFileType = sourcecode.swift; path = KeyValuesAPI.swift; sourceTree = "<group>"; };
		23354F8B203D6B7900ACF905 /* LikesAPI.swift */ = {isa = PBXFileReference; lastKnownFileType = sourcecode.swift; path = LikesAPI.swift; sourceTree = "<group>"; };
		23354F8C203D6B7900ACF905 /* LogsAPI.swift */ = {isa = PBXFileReference; lastKnownFileType = sourcecode.swift; path = LogsAPI.swift; sourceTree = "<group>"; };
		23354F8D203D6B7900ACF905 /* MessagesAPI.swift */ = {isa = PBXFileReference; lastKnownFileType = sourcecode.swift; path = MessagesAPI.swift; sourceTree = "<group>"; };
		23354F8E203D6B7900ACF905 /* OrgAPI.swift */ = {isa = PBXFileReference; lastKnownFileType = sourcecode.swift; path = OrgAPI.swift; sourceTree = "<group>"; };
		23354F8F203D6B7900ACF905 /* PhotoCollectionsAPI.swift */ = {isa = PBXFileReference; lastKnownFileType = sourcecode.swift; path = PhotoCollectionsAPI.swift; sourceTree = "<group>"; };
		23354F90203D6B7900ACF905 /* PhotosAPI.swift */ = {isa = PBXFileReference; lastKnownFileType = sourcecode.swift; path = PhotosAPI.swift; sourceTree = "<group>"; };
		23354F91203D6B7900ACF905 /* PlacesAPI.swift */ = {isa = PBXFileReference; lastKnownFileType = sourcecode.swift; path = PlacesAPI.swift; sourceTree = "<group>"; };
		23354F92203D6B7900ACF905 /* PostsAPI.swift */ = {isa = PBXFileReference; lastKnownFileType = sourcecode.swift; path = PostsAPI.swift; sourceTree = "<group>"; };
		23354F93203D6B7900ACF905 /* PushNotificationsAPI.swift */ = {isa = PBXFileReference; lastKnownFileType = sourcecode.swift; path = PushNotificationsAPI.swift; sourceTree = "<group>"; };
		23354F94203D6B7900ACF905 /* PushSchedulesAPI.swift */ = {isa = PBXFileReference; lastKnownFileType = sourcecode.swift; path = PushSchedulesAPI.swift; sourceTree = "<group>"; };
		23354F95203D6B7900ACF905 /* ReviewsAPI.swift */ = {isa = PBXFileReference; lastKnownFileType = sourcecode.swift; path = ReviewsAPI.swift; sourceTree = "<group>"; };
		23354F96203D6B7900ACF905 /* SocialIntegrationsAPI.swift */ = {isa = PBXFileReference; lastKnownFileType = sourcecode.swift; path = SocialIntegrationsAPI.swift; sourceTree = "<group>"; };
		23354F97203D6B7900ACF905 /* StatusesAPI.swift */ = {isa = PBXFileReference; lastKnownFileType = sourcecode.swift; path = StatusesAPI.swift; sourceTree = "<group>"; };
		23354F98203D6B7900ACF905 /* SystemAPI.swift */ = {isa = PBXFileReference; lastKnownFileType = sourcecode.swift; path = SystemAPI.swift; sourceTree = "<group>"; };
		23354F99203D6B7900ACF905 /* UsersAPI.swift */ = {isa = PBXFileReference; lastKnownFileType = sourcecode.swift; path = UsersAPI.swift; sourceTree = "<group>"; };
		23354F9A203D6B7900ACF905 /* APIs.swift */ = {isa = PBXFileReference; lastKnownFileType = sourcecode.swift; path = APIs.swift; sourceTree = "<group>"; };
		23354F9C203D6B7900ACF905 /* ApiKeyAuth.swift */ = {isa = PBXFileReference; lastKnownFileType = sourcecode.swift; path = ApiKeyAuth.swift; sourceTree = "<group>"; };
		23354F9D203D6B7900ACF905 /* Authentication.swift */ = {isa = PBXFileReference; lastKnownFileType = sourcecode.swift; path = Authentication.swift; sourceTree = "<group>"; };
		23354F9E203D6B7900ACF905 /* HTTPBasicAuth.swift */ = {isa = PBXFileReference; lastKnownFileType = sourcecode.swift; path = HTTPBasicAuth.swift; sourceTree = "<group>"; };
		23354F9F203D6B7900ACF905 /* Keychain.swift */ = {isa = PBXFileReference; lastKnownFileType = sourcecode.swift; path = Keychain.swift; sourceTree = "<group>"; };
		23354FA0203D6B7900ACF905 /* OAuth.swift */ = {isa = PBXFileReference; lastKnownFileType = sourcecode.swift; path = OAuth.swift; sourceTree = "<group>"; };
		23354FA1203D6B7900ACF905 /* OAuthApplication.swift */ = {isa = PBXFileReference; lastKnownFileType = sourcecode.swift; path = OAuthApplication.swift; sourceTree = "<group>"; };
		23354FA2203D6B7900ACF905 /* OAuthExplicit.swift */ = {isa = PBXFileReference; lastKnownFileType = sourcecode.swift; path = OAuthExplicit.swift; sourceTree = "<group>"; };
		23354FA3203D6B7900ACF905 /* OAuthImplicit.swift */ = {isa = PBXFileReference; lastKnownFileType = sourcecode.swift; path = OAuthImplicit.swift; sourceTree = "<group>"; };
		23354FA4203D6B7900ACF905 /* OAuthPassword.swift */ = {isa = PBXFileReference; lastKnownFileType = sourcecode.swift; path = OAuthPassword.swift; sourceTree = "<group>"; };
		23354FA5203D6B7900ACF905 /* Extensions.swift */ = {isa = PBXFileReference; lastKnownFileType = sourcecode.swift; path = Extensions.swift; sourceTree = "<group>"; };
		23354FA7203D6B7900ACF905 /* ErrorResponse_.swift */ = {isa = PBXFileReference; lastKnownFileType = sourcecode.swift; path = ErrorResponse_.swift; sourceTree = "<group>"; };
		23354FA8203D6B7900ACF905 /* SuccessResponse.swift */ = {isa = PBXFileReference; lastKnownFileType = sourcecode.swift; path = SuccessResponse.swift; sourceTree = "<group>"; };
		23354FA9203D6B7900ACF905 /* Models.swift */ = {isa = PBXFileReference; lastKnownFileType = sourcecode.swift; path = Models.swift; sourceTree = "<group>"; };
		23354FAB203D6B7900ACF905 /* AFError.swift */ = {isa = PBXFileReference; lastKnownFileType = sourcecode.swift; path = AFError.swift; sourceTree = "<group>"; };
		23354FAC203D6B7900ACF905 /* AXAlamofire.swift */ = {isa = PBXFileReference; lastKnownFileType = sourcecode.swift; path = AXAlamofire.swift; sourceTree = "<group>"; };
		23354FAD203D6B7900ACF905 /* AXMultipartFormData.swift */ = {isa = PBXFileReference; lastKnownFileType = sourcecode.swift; path = AXMultipartFormData.swift; sourceTree = "<group>"; };
		23354FAE203D6B7900ACF905 /* AXNetworkReachabilityManager.swift */ = {isa = PBXFileReference; lastKnownFileType = sourcecode.swift; path = AXNetworkReachabilityManager.swift; sourceTree = "<group>"; };
		23354FAF203D6B7900ACF905 /* AXParameterEncoding.swift */ = {isa = PBXFileReference; lastKnownFileType = sourcecode.swift; path = AXParameterEncoding.swift; sourceTree = "<group>"; };
		23354FB0203D6B7900ACF905 /* AXRequest.swift */ = {isa = PBXFileReference; lastKnownFileType = sourcecode.swift; path = AXRequest.swift; sourceTree = "<group>"; };
		23354FB1203D6B7900ACF905 /* AXResponse.swift */ = {isa = PBXFileReference; lastKnownFileType = sourcecode.swift; path = AXResponse.swift; sourceTree = "<group>"; };
		23354FB2203D6B7900ACF905 /* AXResponseSerialization.swift */ = {isa = PBXFileReference; lastKnownFileType = sourcecode.swift; path = AXResponseSerialization.swift; sourceTree = "<group>"; };
		23354FB3203D6B7900ACF905 /* AXResult.swift */ = {isa = PBXFileReference; lastKnownFileType = sourcecode.swift; path = AXResult.swift; sourceTree = "<group>"; };
		23354FB4203D6B7900ACF905 /* AXServerTrustPolicy.swift */ = {isa = PBXFileReference; lastKnownFileType = sourcecode.swift; path = AXServerTrustPolicy.swift; sourceTree = "<group>"; };
		23354FB5203D6B7900ACF905 /* AXSessionDelegate.swift */ = {isa = PBXFileReference; lastKnownFileType = sourcecode.swift; path = AXSessionDelegate.swift; sourceTree = "<group>"; };
		23354FB6203D6B7900ACF905 /* AXSessionManager.swift */ = {isa = PBXFileReference; lastKnownFileType = sourcecode.swift; path = AXSessionManager.swift; sourceTree = "<group>"; };
		23354FB7203D6B7900ACF905 /* AXTaskDelegate.swift */ = {isa = PBXFileReference; lastKnownFileType = sourcecode.swift; path = AXTaskDelegate.swift; sourceTree = "<group>"; };
		23354FB8203D6B7900ACF905 /* AXTimeline.swift */ = {isa = PBXFileReference; lastKnownFileType = sourcecode.swift; path = AXTimeline.swift; sourceTree = "<group>"; };
		23354FB9203D6B7900ACF905 /* AXValidation.swift */ = {isa = PBXFileReference; lastKnownFileType = sourcecode.swift; path = AXValidation.swift; sourceTree = "<group>"; };
		23354FBA203D6B7900ACF905 /* DispatchQueue+Alamofire.swift */ = {isa = PBXFileReference; lastKnownFileType = sourcecode.swift; path = "DispatchQueue+Alamofire.swift"; sourceTree = "<group>"; };
		23354FBB203D6B7900ACF905 /* Notifications.swift */ = {isa = PBXFileReference; lastKnownFileType = sourcecode.swift; path = Notifications.swift; sourceTree = "<group>"; };
		23354FBD203D6B7900ACF905 /* AuthBrowserController.swift */ = {isa = PBXFileReference; lastKnownFileType = sourcecode.swift; path = AuthBrowserController.swift; sourceTree = "<group>"; };
		23354FBE203D6B7900ACF905 /* Logger.swift */ = {isa = PBXFileReference; lastKnownFileType = sourcecode.swift; path = Logger.swift; sourceTree = "<group>"; };
		2341373C202C50CD0012DC1E /* ChoosePhotoCollection.swift */ = {isa = PBXFileReference; lastKnownFileType = sourcecode.swift; path = ChoosePhotoCollection.swift; sourceTree = "<group>"; };
		236BBBCF1FF27EBF00DD0D9D /* CreateGeoFenceViewController.swift */ = {isa = PBXFileReference; fileEncoding = 4; lastKnownFileType = sourcecode.swift; path = CreateGeoFenceViewController.swift; sourceTree = "<group>"; };
		236BBBD01FF27EBF00DD0D9D /* QueryGeoFencViewController.swift */ = {isa = PBXFileReference; fileEncoding = 4; lastKnownFileType = sourcecode.swift; path = QueryGeoFencViewController.swift; sourceTree = "<group>"; };
		236BBBD41FF39B3A00DD0D9D /* CreateCheckinsViewController.swift */ = {isa = PBXFileReference; lastKnownFileType = sourcecode.swift; path = CreateCheckinsViewController.swift; sourceTree = "<group>"; };
		236BBBD81FF39B6900DD0D9D /* QueryCheckinsViewController.swift */ = {isa = PBXFileReference; lastKnownFileType = sourcecode.swift; path = QueryCheckinsViewController.swift; sourceTree = "<group>"; };
		236BBBDC1FF39B8800DD0D9D /* ShowCheckinsViewController.swift */ = {isa = PBXFileReference; lastKnownFileType = sourcecode.swift; path = ShowCheckinsViewController.swift; sourceTree = "<group>"; };
		236BBBDF1FF3C3D000DD0D9D /* CreatePhotoClctnViewController.swift */ = {isa = PBXFileReference; lastKnownFileType = sourcecode.swift; path = CreatePhotoClctnViewController.swift; sourceTree = "<group>"; };
		236BBBE11FF3C46000DD0D9D /* ShowPhotoClctnViewController.swift */ = {isa = PBXFileReference; lastKnownFileType = sourcecode.swift; path = ShowPhotoClctnViewController.swift; sourceTree = "<group>"; };
		236BBBE71FF3C52B00DD0D9D /* PhotoClctnOptionsViewController.swift */ = {isa = PBXFileReference; lastKnownFileType = sourcecode.swift; path = PhotoClctnOptionsViewController.swift; sourceTree = "<group>"; };
		237BDA811FF61A890004768B /* QueryPlaceViewController.swift */ = {isa = PBXFileReference; fileEncoding = 4; lastKnownFileType = sourcecode.swift; path = QueryPlaceViewController.swift; sourceTree = "<group>"; };
		237BDA821FF61A890004768B /* SearchPlaceViewController.swift */ = {isa = PBXFileReference; fileEncoding = 4; lastKnownFileType = sourcecode.swift; path = SearchPlaceViewController.swift; sourceTree = "<group>"; };
		237BDA831FF61A890004768B /* CreatePlaceViewController.swift */ = {isa = PBXFileReference; fileEncoding = 4; lastKnownFileType = sourcecode.swift; path = CreatePlaceViewController.swift; sourceTree = "<group>"; };
		237BDA841FF61A8A0004768B /* UpdateorDeletePlaceViewController.swift */ = {isa = PBXFileReference; fileEncoding = 4; lastKnownFileType = sourcecode.swift; path = UpdateorDeletePlaceViewController.swift; sourceTree = "<group>"; };
		2391C77C1FF62D1B007F0E7B /* PushNotifyViewController.swift */ = {isa = PBXFileReference; fileEncoding = 4; lastKnownFileType = sourcecode.swift; path = PushNotifyViewController.swift; sourceTree = "<group>"; };
		2391C77D1FF62D1B007F0E7B /* PushSubscriptionQueryViewController.swift */ = {isa = PBXFileReference; fileEncoding = 4; lastKnownFileType = sourcecode.swift; path = PushSubscriptionQueryViewController.swift; sourceTree = "<group>"; };
		2391C77E1FF62D1B007F0E7B /* PushSubscriptionViewController.swift */ = {isa = PBXFileReference; fileEncoding = 4; lastKnownFileType = sourcecode.swift; path = PushSubscriptionViewController.swift; sourceTree = "<group>"; };
		2391C77F1FF62D1B007F0E7B /* PushUnsubscribeViewController.swift */ = {isa = PBXFileReference; fileEncoding = 4; lastKnownFileType = sourcecode.swift; path = PushUnsubscribeViewController.swift; sourceTree = "<group>"; };
		2391C7801FF62D1B007F0E7B /* QueryChannelsViewController.swift */ = {isa = PBXFileReference; fileEncoding = 4; lastKnownFileType = sourcecode.swift; path = QueryChannelsViewController.swift; sourceTree = "<group>"; };
		23BCE7451FE7BFC000A4DDA5 /* ShowChatsViewController.swift */ = {isa = PBXFileReference; lastKnownFileType = sourcecode.swift; path = ShowChatsViewController.swift; sourceTree = "<group>"; };
		23BCE7481FE91C1D00A4DDA5 /* DisplayGroupChatsViewController.swift */ = {isa = PBXFileReference; lastKnownFileType = sourcecode.swift; path = DisplayGroupChatsViewController.swift; sourceTree = "<group>"; };
		23BCE74A1FE9231700A4DDA5 /* ListOfUsersViewController.swift */ = {isa = PBXFileReference; lastKnownFileType = sourcecode.swift; path = ListOfUsersViewController.swift; sourceTree = "<group>"; };
		23C58BE01FEBAF9900DC014B /* CreateCustomObjViewController.swift */ = {isa = PBXFileReference; lastKnownFileType = sourcecode.swift; path = CreateCustomObjViewController.swift; sourceTree = "<group>"; };
		23C58BE21FEBAFB800DC014B /* QueryCustomObjViewController.swift */ = {isa = PBXFileReference; lastKnownFileType = sourcecode.swift; path = QueryCustomObjViewController.swift; sourceTree = "<group>"; };
		23C58BE61FEBAFEE00DC014B /* UpdateCustomObjViewController.swift */ = {isa = PBXFileReference; lastKnownFileType = sourcecode.swift; path = UpdateCustomObjViewController.swift; sourceTree = "<group>"; };
		23CECA471FDE85F200D40693 /* CreateUserViewController.swift */ = {isa = PBXFileReference; lastKnownFileType = sourcecode.swift; path = CreateUserViewController.swift; sourceTree = "<group>"; };
		23CECA491FDE886500D40693 /* Utils.swift */ = {isa = PBXFileReference; lastKnownFileType = sourcecode.swift; path = Utils.swift; sourceTree = "<group>"; };
		7B474D1C1F6A5093005F044A /* ACHUD+Animation.swift */ = {isa = PBXFileReference; fileEncoding = 4; lastKnownFileType = sourcecode.swift; path = "ACHUD+Animation.swift"; sourceTree = "<group>"; };
		7B474D1D1F6A5093005F044A /* ACProgressHUD.swift */ = {isa = PBXFileReference; fileEncoding = 4; lastKnownFileType = sourcecode.swift; path = ACProgressHUD.swift; sourceTree = "<group>"; };
		7B474D1E1F6A5093005F044A /* ACProgressView.swift */ = {isa = PBXFileReference; fileEncoding = 4; lastKnownFileType = sourcecode.swift; path = ACProgressView.swift; sourceTree = "<group>"; };
		7B474D1F1F6A5093005F044A /* ACProgressView.xib */ = {isa = PBXFileReference; fileEncoding = 4; lastKnownFileType = file.xib; path = ACProgressView.xib; sourceTree = "<group>"; };
		7B474D241F6BB53D005F044A /* ACLListViewController.swift */ = {isa = PBXFileReference; fileEncoding = 4; lastKnownFileType = sourcecode.swift; path = ACLListViewController.swift; sourceTree = "<group>"; };
		7B474D261F6BB741005F044A /* CreateOrUpdateACLViewController.swift */ = {isa = PBXFileReference; fileEncoding = 4; lastKnownFileType = sourcecode.swift; path = CreateOrUpdateACLViewController.swift; sourceTree = "<group>"; };
		7B5102031F690E6400A7BDF9 /* Axway-Test.app */ = {isa = PBXFileReference; explicitFileType = wrapper.application; includeInIndex = 0; path = "Axway-Test.app"; sourceTree = BUILT_PRODUCTS_DIR; };
		7B5102061F690E6400A7BDF9 /* AppDelegate.swift */ = {isa = PBXFileReference; lastKnownFileType = sourcecode.swift; path = AppDelegate.swift; sourceTree = "<group>"; };
		7B5102081F690E6400A7BDF9 /* ViewController.swift */ = {isa = PBXFileReference; lastKnownFileType = sourcecode.swift; path = ViewController.swift; sourceTree = "<group>"; };
		7B51020B1F690E6400A7BDF9 /* Base */ = {isa = PBXFileReference; lastKnownFileType = file.storyboard; name = Base; path = Base.lproj/Main.storyboard; sourceTree = "<group>"; };
		7B51020D1F690E6400A7BDF9 /* Assets.xcassets */ = {isa = PBXFileReference; lastKnownFileType = folder.assetcatalog; path = Assets.xcassets; sourceTree = "<group>"; };
		7B5102101F690E6400A7BDF9 /* Base */ = {isa = PBXFileReference; lastKnownFileType = file.storyboard; name = Base; path = Base.lproj/LaunchScreen.storyboard; sourceTree = "<group>"; };
		7B5102121F690E6400A7BDF9 /* Info.plist */ = {isa = PBXFileReference; lastKnownFileType = text.plist.xml; path = Info.plist; sourceTree = "<group>"; };
		7B5102171F690E6500A7BDF9 /* Axway-TestTests.xctest */ = {isa = PBXFileReference; explicitFileType = wrapper.cfbundle; includeInIndex = 0; path = "Axway-TestTests.xctest"; sourceTree = BUILT_PRODUCTS_DIR; };
		7B51021B1F690E6500A7BDF9 /* Axway_TestTests.swift */ = {isa = PBXFileReference; lastKnownFileType = sourcecode.swift; path = Axway_TestTests.swift; sourceTree = "<group>"; };
		7B51021D1F690E6500A7BDF9 /* Info.plist */ = {isa = PBXFileReference; lastKnownFileType = text.plist.xml; path = Info.plist; sourceTree = "<group>"; };
		7B5102221F690E6500A7BDF9 /* Axway-TestUITests.xctest */ = {isa = PBXFileReference; explicitFileType = wrapper.cfbundle; includeInIndex = 0; path = "Axway-TestUITests.xctest"; sourceTree = BUILT_PRODUCTS_DIR; };
		7B5102261F690E6600A7BDF9 /* Axway_TestUITests.swift */ = {isa = PBXFileReference; lastKnownFileType = sourcecode.swift; path = Axway_TestUITests.swift; sourceTree = "<group>"; };
		7B5102281F690E6600A7BDF9 /* Info.plist */ = {isa = PBXFileReference; lastKnownFileType = text.plist.xml; path = Info.plist; sourceTree = "<group>"; };
		7B5102B81F69170600A7BDF9 /* APIListViewController.swift */ = {isa = PBXFileReference; fileEncoding = 4; lastKnownFileType = sourcecode.swift; path = APIListViewController.swift; sourceTree = "<group>"; };
		7B51ED211F7279C500A26437 /* README.md */ = {isa = PBXFileReference; fileEncoding = 4; lastKnownFileType = net.daringfireball.markdown; path = README.md; sourceTree = "<group>"; };
		AD5CA77E2021CEA500226691 /* QueryListViewController.swift */ = {isa = PBXFileReference; lastKnownFileType = sourcecode.swift; path = QueryListViewController.swift; sourceTree = "<group>"; };
/* End PBXFileReference section */

/* Begin PBXFrameworksBuildPhase section */
		7B5102001F690E6400A7BDF9 /* Frameworks */ = {
			isa = PBXFrameworksBuildPhase;
			buildActionMask = 2147483647;
			files = (
			);
			runOnlyForDeploymentPostprocessing = 0;
		};
		7B5102141F690E6500A7BDF9 /* Frameworks */ = {
			isa = PBXFrameworksBuildPhase;
			buildActionMask = 2147483647;
			files = (
			);
			runOnlyForDeploymentPostprocessing = 0;
		};
		7B51021F1F690E6500A7BDF9 /* Frameworks */ = {
			isa = PBXFrameworksBuildPhase;
			buildActionMask = 2147483647;
			files = (
			);
			runOnlyForDeploymentPostprocessing = 0;
		};
/* End PBXFrameworksBuildPhase section */

/* Begin PBXGroup section */
		230AEDC81FF6699300402DF8 /* Photos */ = {
			isa = PBXGroup;
			children = (
				230AEDC91FF6699300402DF8 /* CreatePhotoViewController.swift */,
				230AEDCA1FF6699300402DF8 /* QueryPhotoViewController.swift */,
				230AEDCB1FF6699300402DF8 /* UpdateorDeletePhotoViewController.swift */,
				2341373C202C50CD0012DC1E /* ChoosePhotoCollection.swift */,
			);
			path = Photos;
			sourceTree = "<group>";
		};
		23354F79203D6B4100ACF905 /* UIUtils */ = {
			isa = PBXGroup;
			children = (
				23CECA491FDE886500D40693 /* Utils.swift */,
			);
			path = UIUtils;
			sourceTree = "<group>";
		};
		23354F7A203D6B7900ACF905 /* mbaas */ = {
			isa = PBXGroup;
			children = (
				23354F7B203D6B7900ACF905 /* AlamofireImplementations.swift */,
				23354F7C203D6B7900ACF905 /* APIHelper.swift */,
				23354F7D203D6B7900ACF905 /* APIs */,
				23354F9A203D6B7900ACF905 /* APIs.swift */,
				23354F9B203D6B7900ACF905 /* Auth */,
				23354FA5203D6B7900ACF905 /* Extensions.swift */,
				23354FA6203D6B7900ACF905 /* Model */,
				23354FA9203D6B7900ACF905 /* Models.swift */,
				23354FAA203D6B7900ACF905 /* Networking */,
				23354FBC203D6B7900ACF905 /* Utils */,
			);
			name = mbaas;
			path = "../../Downloads/client-generator-command_line/out/mbaas_ios-swift_21_2_2018T13_1_16/mbaas";
			sourceTree = "<group>";
		};
		23354F7D203D6B7900ACF905 /* APIs */ = {
			isa = PBXGroup;
			children = (
				23354F7E203D6B7900ACF905 /* ACLsAPI.swift */,
				23354F7F203D6B7900ACF905 /* AdminAPI.swift */,
				23354F80203D6B7900ACF905 /* AppsAPI.swift */,
				23354F81203D6B7900ACF905 /* ChatsAPI.swift */,
				23354F82203D6B7900ACF905 /* CheckinsAPI.swift */,
				23354F83203D6B7900ACF905 /* CustomObjectsAPI.swift */,
				23354F84203D6B7900ACF905 /* EmailsAPI.swift */,
				23354F85203D6B7900ACF905 /* EmailTemplateAPI.swift */,
				23354F86203D6B7900ACF905 /* EventsAPI.swift */,
				23354F87203D6B7900ACF905 /* FilesAPI.swift */,
				23354F88203D6B7900ACF905 /* FriendsAPI.swift */,
				23354F89203D6B7900ACF905 /* GeoFencesAPI.swift */,
				23354F8A203D6B7900ACF905 /* KeyValuesAPI.swift */,
				23354F8B203D6B7900ACF905 /* LikesAPI.swift */,
				23354F8C203D6B7900ACF905 /* LogsAPI.swift */,
				23354F8D203D6B7900ACF905 /* MessagesAPI.swift */,
				23354F8E203D6B7900ACF905 /* OrgAPI.swift */,
				23354F8F203D6B7900ACF905 /* PhotoCollectionsAPI.swift */,
				23354F90203D6B7900ACF905 /* PhotosAPI.swift */,
				23354F91203D6B7900ACF905 /* PlacesAPI.swift */,
				23354F92203D6B7900ACF905 /* PostsAPI.swift */,
				23354F93203D6B7900ACF905 /* PushNotificationsAPI.swift */,
				23354F94203D6B7900ACF905 /* PushSchedulesAPI.swift */,
				23354F95203D6B7900ACF905 /* ReviewsAPI.swift */,
				23354F96203D6B7900ACF905 /* SocialIntegrationsAPI.swift */,
				23354F97203D6B7900ACF905 /* StatusesAPI.swift */,
				23354F98203D6B7900ACF905 /* SystemAPI.swift */,
				23354F99203D6B7900ACF905 /* UsersAPI.swift */,
			);
			path = APIs;
			sourceTree = "<group>";
		};
		23354F9B203D6B7900ACF905 /* Auth */ = {
			isa = PBXGroup;
			children = (
				23354F9C203D6B7900ACF905 /* ApiKeyAuth.swift */,
				23354F9D203D6B7900ACF905 /* Authentication.swift */,
				23354F9E203D6B7900ACF905 /* HTTPBasicAuth.swift */,
				23354F9F203D6B7900ACF905 /* Keychain.swift */,
				23354FA0203D6B7900ACF905 /* OAuth.swift */,
				23354FA1203D6B7900ACF905 /* OAuthApplication.swift */,
				23354FA2203D6B7900ACF905 /* OAuthExplicit.swift */,
				23354FA3203D6B7900ACF905 /* OAuthImplicit.swift */,
				23354FA4203D6B7900ACF905 /* OAuthPassword.swift */,
			);
			path = Auth;
			sourceTree = "<group>";
		};
		23354FA6203D6B7900ACF905 /* Model */ = {
			isa = PBXGroup;
			children = (
				23354FA7203D6B7900ACF905 /* ErrorResponse_.swift */,
				23354FA8203D6B7900ACF905 /* SuccessResponse.swift */,
			);
			path = Model;
			sourceTree = "<group>";
		};
		23354FAA203D6B7900ACF905 /* Networking */ = {
			isa = PBXGroup;
			children = (
				23354FAB203D6B7900ACF905 /* AFError.swift */,
				23354FAC203D6B7900ACF905 /* AXAlamofire.swift */,
				23354FAD203D6B7900ACF905 /* AXMultipartFormData.swift */,
				23354FAE203D6B7900ACF905 /* AXNetworkReachabilityManager.swift */,
				23354FAF203D6B7900ACF905 /* AXParameterEncoding.swift */,
				23354FB0203D6B7900ACF905 /* AXRequest.swift */,
				23354FB1203D6B7900ACF905 /* AXResponse.swift */,
				23354FB2203D6B7900ACF905 /* AXResponseSerialization.swift */,
				23354FB3203D6B7900ACF905 /* AXResult.swift */,
				23354FB4203D6B7900ACF905 /* AXServerTrustPolicy.swift */,
				23354FB5203D6B7900ACF905 /* AXSessionDelegate.swift */,
				23354FB6203D6B7900ACF905 /* AXSessionManager.swift */,
				23354FB7203D6B7900ACF905 /* AXTaskDelegate.swift */,
				23354FB8203D6B7900ACF905 /* AXTimeline.swift */,
				23354FB9203D6B7900ACF905 /* AXValidation.swift */,
				23354FBA203D6B7900ACF905 /* DispatchQueue+Alamofire.swift */,
				23354FBB203D6B7900ACF905 /* Notifications.swift */,
			);
			path = Networking;
			sourceTree = "<group>";
		};
		23354FBC203D6B7900ACF905 /* Utils */ = {
			isa = PBXGroup;
			children = (
				23354FBD203D6B7900ACF905 /* AuthBrowserController.swift */,
				23354FBE203D6B7900ACF905 /* Logger.swift */,
			);
			path = Utils;
			sourceTree = "<group>";
		};
		236BBBCE1FF27EBF00DD0D9D /* GeoFence */ = {
			isa = PBXGroup;
			children = (
				236BBBCF1FF27EBF00DD0D9D /* CreateGeoFenceViewController.swift */,
				236BBBD01FF27EBF00DD0D9D /* QueryGeoFencViewController.swift */,
			);
			path = GeoFence;
			sourceTree = "<group>";
		};
		236BBBD31FF39B1B00DD0D9D /* Checkins */ = {
			isa = PBXGroup;
			children = (
				236BBBD41FF39B3A00DD0D9D /* CreateCheckinsViewController.swift */,
				236BBBD81FF39B6900DD0D9D /* QueryCheckinsViewController.swift */,
				236BBBDC1FF39B8800DD0D9D /* ShowCheckinsViewController.swift */,
			);
			path = Checkins;
			sourceTree = "<group>";
		};
		236BBBDE1FF3BFE600DD0D9D /* Photo Collections */ = {
			isa = PBXGroup;
			children = (
				236BBBDF1FF3C3D000DD0D9D /* CreatePhotoClctnViewController.swift */,
				236BBBE11FF3C46000DD0D9D /* ShowPhotoClctnViewController.swift */,
				236BBBE71FF3C52B00DD0D9D /* PhotoClctnOptionsViewController.swift */,
			);
			path = "Photo Collections";
			sourceTree = "<group>";
		};
		237BDA801FF619F90004768B /* Places */ = {
			isa = PBXGroup;
			children = (
				237BDA831FF61A890004768B /* CreatePlaceViewController.swift */,
				237BDA811FF61A890004768B /* QueryPlaceViewController.swift */,
				237BDA821FF61A890004768B /* SearchPlaceViewController.swift */,
				237BDA841FF61A8A0004768B /* UpdateorDeletePlaceViewController.swift */,
			);
			path = Places;
			sourceTree = "<group>";
		};
		2391C77B1FF62D1B007F0E7B /* Push Notifications */ = {
			isa = PBXGroup;
			children = (
				2391C77C1FF62D1B007F0E7B /* PushNotifyViewController.swift */,
				2391C77D1FF62D1B007F0E7B /* PushSubscriptionQueryViewController.swift */,
				2391C77E1FF62D1B007F0E7B /* PushSubscriptionViewController.swift */,
				2391C77F1FF62D1B007F0E7B /* PushUnsubscribeViewController.swift */,
				2391C7801FF62D1B007F0E7B /* QueryChannelsViewController.swift */,
			);
			path = "Push Notifications";
			sourceTree = "<group>";
		};
		23A3C6821FD9776700E2CC98 /* Controllers */ = {
			isa = PBXGroup;
			children = (
				23354F79203D6B4100ACF905 /* UIUtils */,
				230AEDC81FF6699300402DF8 /* Photos */,
				2391C77B1FF62D1B007F0E7B /* Push Notifications */,
				237BDA801FF619F90004768B /* Places */,
				236BBBDE1FF3BFE600DD0D9D /* Photo Collections */,
				236BBBD31FF39B1B00DD0D9D /* Checkins */,
				236BBBCE1FF27EBF00DD0D9D /* GeoFence */,
				23C58BDF1FEBAF5800DC014B /* CustomObject */,
				23BCE7471FE7CCF800A4DDA5 /* Chats */,
				7B5102081F690E6400A7BDF9 /* ViewController.swift */,
				7B5102B81F69170600A7BDF9 /* APIListViewController.swift */,
				7B474D241F6BB53D005F044A /* ACLListViewController.swift */,
				7B474D261F6BB741005F044A /* CreateOrUpdateACLViewController.swift */,
				23CECA471FDE85F200D40693 /* CreateUserViewController.swift */,
				AD5CA77E2021CEA500226691 /* QueryListViewController.swift */,
			);
			name = Controllers;
			path = mbass/Controllers;
			sourceTree = "<group>";
		};
		23BCE7471FE7CCF800A4DDA5 /* Chats */ = {
			isa = PBXGroup;
			children = (
				23BCE7451FE7BFC000A4DDA5 /* ShowChatsViewController.swift */,
				23BCE7481FE91C1D00A4DDA5 /* DisplayGroupChatsViewController.swift */,
				23BCE74A1FE9231700A4DDA5 /* ListOfUsersViewController.swift */,
			);
			path = Chats;
			sourceTree = "<group>";
		};
		23C58BDF1FEBAF5800DC014B /* CustomObject */ = {
			isa = PBXGroup;
			children = (
				23C58BE01FEBAF9900DC014B /* CreateCustomObjViewController.swift */,
				23C58BE21FEBAFB800DC014B /* QueryCustomObjViewController.swift */,
				23C58BE61FEBAFEE00DC014B /* UpdateCustomObjViewController.swift */,
			);
			path = CustomObject;
			sourceTree = "<group>";
		};
		7B474D1B1F6A5093005F044A /* Source */ = {
			isa = PBXGroup;
			children = (
				7B474D1C1F6A5093005F044A /* ACHUD+Animation.swift */,
				7B474D1D1F6A5093005F044A /* ACProgressHUD.swift */,
				7B474D1E1F6A5093005F044A /* ACProgressView.swift */,
				7B474D1F1F6A5093005F044A /* ACProgressView.xib */,
			);
			path = Source;
			sourceTree = "<group>";
		};
		7B5101FA1F690E6400A7BDF9 = {
			isa = PBXGroup;
			children = (
				7B51ED211F7279C500A26437 /* README.md */,
				7B5102051F690E6400A7BDF9 /* Axway-Test */,
				7B51021A1F690E6500A7BDF9 /* Axway-TestTests */,
				7B5102251F690E6500A7BDF9 /* Axway-TestUITests */,
				7B5102041F690E6400A7BDF9 /* Products */,
			);
			sourceTree = "<group>";
		};
		7B5102041F690E6400A7BDF9 /* Products */ = {
			isa = PBXGroup;
			children = (
				7B5102031F690E6400A7BDF9 /* Axway-Test.app */,
				7B5102171F690E6500A7BDF9 /* Axway-TestTests.xctest */,
				7B5102221F690E6500A7BDF9 /* Axway-TestUITests.xctest */,
			);
			name = Products;
			sourceTree = "<group>";
		};
		7B5102051F690E6400A7BDF9 /* Axway-Test */ = {
			isa = PBXGroup;
			children = (
				23354F7A203D6B7900ACF905 /* mbaas */,
				23A3C6821FD9776700E2CC98 /* Controllers */,
				7B474D1B1F6A5093005F044A /* Source */,
				7B5102061F690E6400A7BDF9 /* AppDelegate.swift */,
				7B51020A1F690E6400A7BDF9 /* Main.storyboard */,
				7B51020D1F690E6400A7BDF9 /* Assets.xcassets */,
				7B51020F1F690E6400A7BDF9 /* LaunchScreen.storyboard */,
				7B5102121F690E6400A7BDF9 /* Info.plist */,
			);
			path = "Axway-Test";
			sourceTree = "<group>";
		};
		7B51021A1F690E6500A7BDF9 /* Axway-TestTests */ = {
			isa = PBXGroup;
			children = (
				7B51021B1F690E6500A7BDF9 /* Axway_TestTests.swift */,
				7B51021D1F690E6500A7BDF9 /* Info.plist */,
			);
			path = "Axway-TestTests";
			sourceTree = "<group>";
		};
		7B5102251F690E6500A7BDF9 /* Axway-TestUITests */ = {
			isa = PBXGroup;
			children = (
				7B5102261F690E6600A7BDF9 /* Axway_TestUITests.swift */,
				7B5102281F690E6600A7BDF9 /* Info.plist */,
			);
			path = "Axway-TestUITests";
			sourceTree = "<group>";
		};
/* End PBXGroup section */

/* Begin PBXNativeTarget section */
		7B5102021F690E6400A7BDF9 /* Axway-Test */ = {
			isa = PBXNativeTarget;
			buildConfigurationList = 7B51022B1F690E6600A7BDF9 /* Build configuration list for PBXNativeTarget "Axway-Test" */;
			buildPhases = (
				7B5101FF1F690E6400A7BDF9 /* Sources */,
				7B5102001F690E6400A7BDF9 /* Frameworks */,
				7B5102011F690E6400A7BDF9 /* Resources */,
			);
			buildRules = (
			);
			dependencies = (
			);
			name = "Axway-Test";
			productName = "Axway-Test";
			productReference = 7B5102031F690E6400A7BDF9 /* Axway-Test.app */;
			productType = "com.apple.product-type.application";
		};
		7B5102161F690E6500A7BDF9 /* Axway-TestTests */ = {
			isa = PBXNativeTarget;
			buildConfigurationList = 7B51022E1F690E6600A7BDF9 /* Build configuration list for PBXNativeTarget "Axway-TestTests" */;
			buildPhases = (
				7B5102131F690E6500A7BDF9 /* Sources */,
				7B5102141F690E6500A7BDF9 /* Frameworks */,
				7B5102151F690E6500A7BDF9 /* Resources */,
			);
			buildRules = (
			);
			dependencies = (
				7B5102191F690E6500A7BDF9 /* PBXTargetDependency */,
			);
			name = "Axway-TestTests";
			productName = "Axway-TestTests";
			productReference = 7B5102171F690E6500A7BDF9 /* Axway-TestTests.xctest */;
			productType = "com.apple.product-type.bundle.unit-test";
		};
		7B5102211F690E6500A7BDF9 /* Axway-TestUITests */ = {
			isa = PBXNativeTarget;
			buildConfigurationList = 7B5102311F690E6600A7BDF9 /* Build configuration list for PBXNativeTarget "Axway-TestUITests" */;
			buildPhases = (
				7B51021E1F690E6500A7BDF9 /* Sources */,
				7B51021F1F690E6500A7BDF9 /* Frameworks */,
				7B5102201F690E6500A7BDF9 /* Resources */,
			);
			buildRules = (
			);
			dependencies = (
				7B5102241F690E6500A7BDF9 /* PBXTargetDependency */,
			);
			name = "Axway-TestUITests";
			productName = "Axway-TestUITests";
			productReference = 7B5102221F690E6500A7BDF9 /* Axway-TestUITests.xctest */;
			productType = "com.apple.product-type.bundle.ui-testing";
		};
/* End PBXNativeTarget section */

/* Begin PBXProject section */
		7B5101FB1F690E6400A7BDF9 /* Project object */ = {
			isa = PBXProject;
			attributes = {
				LastSwiftUpdateCheck = 0830;
				LastUpgradeCheck = 0830;
				ORGANIZATIONNAME = Innominds;
				TargetAttributes = {
					7B5102021F690E6400A7BDF9 = {
						CreatedOnToolsVersion = 8.3.3;
						DevelopmentTeam = 3PVLLN695R;
						ProvisioningStyle = Manual;
					};
					7B5102161F690E6500A7BDF9 = {
						CreatedOnToolsVersion = 8.3.3;
						DevelopmentTeam = 3PVLLN695R;
						ProvisioningStyle = Automatic;
						TestTargetID = 7B5102021F690E6400A7BDF9;
					};
					7B5102211F690E6500A7BDF9 = {
						CreatedOnToolsVersion = 8.3.3;
						DevelopmentTeam = 3PVLLN695R;
						ProvisioningStyle = Automatic;
						TestTargetID = 7B5102021F690E6400A7BDF9;
					};
				};
			};
			buildConfigurationList = 7B5101FE1F690E6400A7BDF9 /* Build configuration list for PBXProject "Axway-Test" */;
			compatibilityVersion = "Xcode 3.2";
			developmentRegion = English;
			hasScannedForEncodings = 0;
			knownRegions = (
				en,
				Base,
			);
			mainGroup = 7B5101FA1F690E6400A7BDF9;
			productRefGroup = 7B5102041F690E6400A7BDF9 /* Products */;
			projectDirPath = "";
			projectRoot = "";
			targets = (
				7B5102021F690E6400A7BDF9 /* Axway-Test */,
				7B5102161F690E6500A7BDF9 /* Axway-TestTests */,
				7B5102211F690E6500A7BDF9 /* Axway-TestUITests */,
			);
		};
/* End PBXProject section */

/* Begin PBXResourcesBuildPhase section */
		7B5102011F690E6400A7BDF9 /* Resources */ = {
			isa = PBXResourcesBuildPhase;
			buildActionMask = 2147483647;
			files = (
				7B5102111F690E6400A7BDF9 /* LaunchScreen.storyboard in Resources */,
				7B51020E1F690E6400A7BDF9 /* Assets.xcassets in Resources */,
				7B51020C1F690E6400A7BDF9 /* Main.storyboard in Resources */,
				7B474D231F6A5093005F044A /* ACProgressView.xib in Resources */,
			);
			runOnlyForDeploymentPostprocessing = 0;
		};
		7B5102151F690E6500A7BDF9 /* Resources */ = {
			isa = PBXResourcesBuildPhase;
			buildActionMask = 2147483647;
			files = (
			);
			runOnlyForDeploymentPostprocessing = 0;
		};
		7B5102201F690E6500A7BDF9 /* Resources */ = {
			isa = PBXResourcesBuildPhase;
			buildActionMask = 2147483647;
			files = (
			);
			runOnlyForDeploymentPostprocessing = 0;
		};
/* End PBXResourcesBuildPhase section */

/* Begin PBXSourcesBuildPhase section */
		7B5101FF1F690E6400A7BDF9 /* Sources */ = {
			isa = PBXSourcesBuildPhase;
			buildActionMask = 2147483647;
			files = (
				23C58BE31FEBAFB800DC014B /* QueryCustomObjViewController.swift in Sources */,
				2391C7851FF62D1B007F0E7B /* QueryChannelsViewController.swift in Sources */,
				23BCE7491FE91C1E00A4DDA5 /* DisplayGroupChatsViewController.swift in Sources */,
				230AEDCC1FF6699400402DF8 /* CreatePhotoViewController.swift in Sources */,
				236BBBE21FF3C46000DD0D9D /* ShowPhotoClctnViewController.swift in Sources */,
				7B51ED221F7279C500A26437 /* README.md in Sources */,
				23CECA481FDE85F200D40693 /* CreateUserViewController.swift in Sources */,
				7B5102091F690E6400A7BDF9 /* ViewController.swift in Sources */,
				236BBBD91FF39B6900DD0D9D /* QueryCheckinsViewController.swift in Sources */,
				236BBBE01FF3C3D600DD0D9D /* CreatePhotoClctnViewController.swift in Sources */,
				23BCE7461FE7BFC000A4DDA5 /* ShowChatsViewController.swift in Sources */,
				7B474D251F6BB53D005F044A /* ACLListViewController.swift in Sources */,
				230AEDCD1FF6699400402DF8 /* QueryPhotoViewController.swift in Sources */,
				7B474D201F6A5093005F044A /* ACHUD+Animation.swift in Sources */,
				7B474D211F6A5093005F044A /* ACProgressHUD.swift in Sources */,
				AD5CA77F2021CEA500226691 /* QueryListViewController.swift in Sources */,
				23C58BE11FEBAF9A00DC014B /* CreateCustomObjViewController.swift in Sources */,
				236BBBD11FF27EBF00DD0D9D /* CreateGeoFenceViewController.swift in Sources */,
				237BDA881FF61A8B0004768B /* UpdateorDeletePlaceViewController.swift in Sources */,
				23C58BE71FEBAFEF00DC014B /* UpdateCustomObjViewController.swift in Sources */,
				236BBBE81FF3C52B00DD0D9D /* PhotoClctnOptionsViewController.swift in Sources */,
				2391C7811FF62D1B007F0E7B /* PushNotifyViewController.swift in Sources */,
				7B474D221F6A5093005F044A /* ACProgressView.swift in Sources */,
				7B5102B91F69170600A7BDF9 /* APIListViewController.swift in Sources */,
				23BCE74B1FE9231700A4DDA5 /* ListOfUsersViewController.swift in Sources */,
				237BDA861FF61A8B0004768B /* SearchPlaceViewController.swift in Sources */,
				7B5102071F690E6400A7BDF9 /* AppDelegate.swift in Sources */,
				236BBBD21FF27EBF00DD0D9D /* QueryGeoFencViewController.swift in Sources */,
				23CECA4A1FDE886500D40693 /* Utils.swift in Sources */,
				2391C7831FF62D1B007F0E7B /* PushSubscriptionViewController.swift in Sources */,
				236BBBDD1FF39B8800DD0D9D /* ShowCheckinsViewController.swift in Sources */,
				7B474D271F6BB742005F044A /* CreateOrUpdateACLViewController.swift in Sources */,
				236BBBD51FF39B3A00DD0D9D /* CreateCheckinsViewController.swift in Sources */,
				237BDA851FF61A8B0004768B /* QueryPlaceViewController.swift in Sources */,
				237BDA871FF61A8B0004768B /* CreatePlaceViewController.swift in Sources */,
				2391C7841FF62D1B007F0E7B /* PushUnsubscribeViewController.swift in Sources */,
				230AEDCE1FF6699400402DF8 /* UpdateorDeletePhotoViewController.swift in Sources */,
				2341373D202C50CD0012DC1E /* ChoosePhotoCollection.swift in Sources */,
				2391C7821FF62D1B007F0E7B /* PushSubscriptionQueryViewController.swift in Sources */,
			);
			runOnlyForDeploymentPostprocessing = 0;
		};
		7B5102131F690E6500A7BDF9 /* Sources */ = {
			isa = PBXSourcesBuildPhase;
			buildActionMask = 2147483647;
			files = (
				7B51021C1F690E6500A7BDF9 /* Axway_TestTests.swift in Sources */,
			);
			runOnlyForDeploymentPostprocessing = 0;
		};
		7B51021E1F690E6500A7BDF9 /* Sources */ = {
			isa = PBXSourcesBuildPhase;
			buildActionMask = 2147483647;
			files = (
				7B5102271F690E6600A7BDF9 /* Axway_TestUITests.swift in Sources */,
			);
			runOnlyForDeploymentPostprocessing = 0;
		};
/* End PBXSourcesBuildPhase section */

/* Begin PBXTargetDependency section */
		7B5102191F690E6500A7BDF9 /* PBXTargetDependency */ = {
			isa = PBXTargetDependency;
			target = 7B5102021F690E6400A7BDF9 /* Axway-Test */;
			targetProxy = 7B5102181F690E6500A7BDF9 /* PBXContainerItemProxy */;
		};
		7B5102241F690E6500A7BDF9 /* PBXTargetDependency */ = {
			isa = PBXTargetDependency;
			target = 7B5102021F690E6400A7BDF9 /* Axway-Test */;
			targetProxy = 7B5102231F690E6500A7BDF9 /* PBXContainerItemProxy */;
		};
/* End PBXTargetDependency section */

/* Begin PBXVariantGroup section */
		7B51020A1F690E6400A7BDF9 /* Main.storyboard */ = {
			isa = PBXVariantGroup;
			children = (
				7B51020B1F690E6400A7BDF9 /* Base */,
			);
			name = Main.storyboard;
			sourceTree = "<group>";
		};
		7B51020F1F690E6400A7BDF9 /* LaunchScreen.storyboard */ = {
			isa = PBXVariantGroup;
			children = (
				7B5102101F690E6400A7BDF9 /* Base */,
			);
			name = LaunchScreen.storyboard;
			sourceTree = "<group>";
		};
/* End PBXVariantGroup section */

/* Begin XCBuildConfiguration section */
		7B5102291F690E6600A7BDF9 /* Debug */ = {
			isa = XCBuildConfiguration;
			buildSettings = {
				ALWAYS_SEARCH_USER_PATHS = NO;
				CLANG_ANALYZER_NONNULL = YES;
				CLANG_ANALYZER_NUMBER_OBJECT_CONVERSION = YES_AGGRESSIVE;
				CLANG_CXX_LANGUAGE_STANDARD = "gnu++0x";
				CLANG_CXX_LIBRARY = "libc++";
				CLANG_ENABLE_MODULES = YES;
				CLANG_ENABLE_OBJC_ARC = YES;
				CLANG_WARN_BOOL_CONVERSION = YES;
				CLANG_WARN_CONSTANT_CONVERSION = YES;
				CLANG_WARN_DIRECT_OBJC_ISA_USAGE = YES_ERROR;
				CLANG_WARN_DOCUMENTATION_COMMENTS = YES;
				CLANG_WARN_EMPTY_BODY = YES;
				CLANG_WARN_ENUM_CONVERSION = YES;
				CLANG_WARN_INFINITE_RECURSION = YES;
				CLANG_WARN_INT_CONVERSION = YES;
				CLANG_WARN_OBJC_ROOT_CLASS = YES_ERROR;
				CLANG_WARN_SUSPICIOUS_MOVE = YES;
				CLANG_WARN_UNREACHABLE_CODE = YES;
				CLANG_WARN__DUPLICATE_METHOD_MATCH = YES;
				"CODE_SIGN_IDENTITY[sdk=iphoneos*]" = "iPhone Developer";
				COPY_PHASE_STRIP = NO;
				DEBUG_INFORMATION_FORMAT = dwarf;
				ENABLE_STRICT_OBJC_MSGSEND = YES;
				ENABLE_TESTABILITY = YES;
				GCC_C_LANGUAGE_STANDARD = gnu99;
				GCC_DYNAMIC_NO_PIC = NO;
				GCC_NO_COMMON_BLOCKS = YES;
				GCC_OPTIMIZATION_LEVEL = 0;
				GCC_PREPROCESSOR_DEFINITIONS = (
					"DEBUG=1",
					"$(inherited)",
				);
				GCC_WARN_64_TO_32_BIT_CONVERSION = YES;
				GCC_WARN_ABOUT_RETURN_TYPE = YES_ERROR;
				GCC_WARN_UNDECLARED_SELECTOR = YES;
				GCC_WARN_UNINITIALIZED_AUTOS = YES_AGGRESSIVE;
				GCC_WARN_UNUSED_FUNCTION = YES;
				GCC_WARN_UNUSED_VARIABLE = YES;
				IPHONEOS_DEPLOYMENT_TARGET = 10.3;
				MTL_ENABLE_DEBUG_INFO = YES;
				ONLY_ACTIVE_ARCH = YES;
				SDKROOT = iphoneos;
				SWIFT_ACTIVE_COMPILATION_CONDITIONS = DEBUG;
				SWIFT_OPTIMIZATION_LEVEL = "-Onone";
			};
			name = Debug;
		};
		7B51022A1F690E6600A7BDF9 /* Release */ = {
			isa = XCBuildConfiguration;
			buildSettings = {
				ALWAYS_SEARCH_USER_PATHS = NO;
				CLANG_ANALYZER_NONNULL = YES;
				CLANG_ANALYZER_NUMBER_OBJECT_CONVERSION = YES_AGGRESSIVE;
				CLANG_CXX_LANGUAGE_STANDARD = "gnu++0x";
				CLANG_CXX_LIBRARY = "libc++";
				CLANG_ENABLE_MODULES = YES;
				CLANG_ENABLE_OBJC_ARC = YES;
				CLANG_WARN_BOOL_CONVERSION = YES;
				CLANG_WARN_CONSTANT_CONVERSION = YES;
				CLANG_WARN_DIRECT_OBJC_ISA_USAGE = YES_ERROR;
				CLANG_WARN_DOCUMENTATION_COMMENTS = YES;
				CLANG_WARN_EMPTY_BODY = YES;
				CLANG_WARN_ENUM_CONVERSION = YES;
				CLANG_WARN_INFINITE_RECURSION = YES;
				CLANG_WARN_INT_CONVERSION = YES;
				CLANG_WARN_OBJC_ROOT_CLASS = YES_ERROR;
				CLANG_WARN_SUSPICIOUS_MOVE = YES;
				CLANG_WARN_UNREACHABLE_CODE = YES;
				CLANG_WARN__DUPLICATE_METHOD_MATCH = YES;
				"CODE_SIGN_IDENTITY[sdk=iphoneos*]" = "iPhone Developer";
				COPY_PHASE_STRIP = NO;
				DEBUG_INFORMATION_FORMAT = "dwarf-with-dsym";
				ENABLE_NS_ASSERTIONS = NO;
				ENABLE_STRICT_OBJC_MSGSEND = YES;
				GCC_C_LANGUAGE_STANDARD = gnu99;
				GCC_NO_COMMON_BLOCKS = YES;
				GCC_WARN_64_TO_32_BIT_CONVERSION = YES;
				GCC_WARN_ABOUT_RETURN_TYPE = YES_ERROR;
				GCC_WARN_UNDECLARED_SELECTOR = YES;
				GCC_WARN_UNINITIALIZED_AUTOS = YES_AGGRESSIVE;
				GCC_WARN_UNUSED_FUNCTION = YES;
				GCC_WARN_UNUSED_VARIABLE = YES;
				IPHONEOS_DEPLOYMENT_TARGET = 10.3;
				MTL_ENABLE_DEBUG_INFO = NO;
				SDKROOT = iphoneos;
				SWIFT_OPTIMIZATION_LEVEL = "-Owholemodule";
				VALIDATE_PRODUCT = YES;
			};
			name = Release;
		};
		7B51022C1F690E6600A7BDF9 /* Debug */ = {
			isa = XCBuildConfiguration;
			buildSettings = {
				ASSETCATALOG_COMPILER_APPICON_NAME = AppIcon;
				CODE_SIGN_IDENTITY = "iPhone Developer: Sreedhar Tadavarthy (Y89UHW869P)";
				CODE_SIGN_STYLE = Manual;
				DEVELOPMENT_TEAM = 3PVLLN695R;
				INFOPLIST_FILE = "Axway-Test/Info.plist";
				LD_RUNPATH_SEARCH_PATHS = "$(inherited) @executable_path/Frameworks";
				PRODUCT_BUNDLE_IDENTIFIER = "com.innominds.Axway-Test";
				PRODUCT_NAME = "$(TARGET_NAME)";
				PROVISIONING_PROFILE = "51ddfbe1-b1c5-4d9e-9fb0-30ed1a165ac2";
				PROVISIONING_PROFILE_SPECIFIER = "Innominds Development Latest Profile";
				SWIFT_VERSION = 3.0;
			};
			name = Debug;
		};
		7B51022D1F690E6600A7BDF9 /* Release */ = {
			isa = XCBuildConfiguration;
			buildSettings = {
				ASSETCATALOG_COMPILER_APPICON_NAME = AppIcon;
				CODE_SIGN_IDENTITY = "iPhone Developer: Sreedhar Tadavarthy (Y89UHW869P)";
				CODE_SIGN_STYLE = Manual;
				DEVELOPMENT_TEAM = 3PVLLN695R;
				INFOPLIST_FILE = "Axway-Test/Info.plist";
				LD_RUNPATH_SEARCH_PATHS = "$(inherited) @executable_path/Frameworks";
				PRODUCT_BUNDLE_IDENTIFIER = "com.innominds.Axway-Test";
				PRODUCT_NAME = "$(TARGET_NAME)";
				PROVISIONING_PROFILE = "51ddfbe1-b1c5-4d9e-9fb0-30ed1a165ac2";
				PROVISIONING_PROFILE_SPECIFIER = "Innominds Development Latest Profile";
				SWIFT_VERSION = 3.0;
			};
			name = Release;
		};
		7B51022F1F690E6600A7BDF9 /* Debug */ = {
			isa = XCBuildConfiguration;
			buildSettings = {
				ALWAYS_EMBED_SWIFT_STANDARD_LIBRARIES = YES;
				BUNDLE_LOADER = "$(TEST_HOST)";
				DEVELOPMENT_TEAM = 3PVLLN695R;
				INFOPLIST_FILE = "Axway-TestTests/Info.plist";
				LD_RUNPATH_SEARCH_PATHS = "$(inherited) @executable_path/Frameworks @loader_path/Frameworks";
				PRODUCT_BUNDLE_IDENTIFIER = "com.innominds.Axway-TestTests";
				PRODUCT_NAME = "$(TARGET_NAME)";
				SWIFT_VERSION = 3.0;
				TEST_HOST = "$(BUILT_PRODUCTS_DIR)/Axway-Test.app/Axway-Test";
			};
			name = Debug;
		};
		7B5102301F690E6600A7BDF9 /* Release */ = {
			isa = XCBuildConfiguration;
			buildSettings = {
				ALWAYS_EMBED_SWIFT_STANDARD_LIBRARIES = YES;
				BUNDLE_LOADER = "$(TEST_HOST)";
				DEVELOPMENT_TEAM = 3PVLLN695R;
				INFOPLIST_FILE = "Axway-TestTests/Info.plist";
				LD_RUNPATH_SEARCH_PATHS = "$(inherited) @executable_path/Frameworks @loader_path/Frameworks";
				PRODUCT_BUNDLE_IDENTIFIER = "com.innominds.Axway-TestTests";
				PRODUCT_NAME = "$(TARGET_NAME)";
				SWIFT_VERSION = 3.0;
				TEST_HOST = "$(BUILT_PRODUCTS_DIR)/Axway-Test.app/Axway-Test";
			};
			name = Release;
		};
		7B5102321F690E6600A7BDF9 /* Debug */ = {
			isa = XCBuildConfiguration;
			buildSettings = {
				ALWAYS_EMBED_SWIFT_STANDARD_LIBRARIES = YES;
				DEVELOPMENT_TEAM = 3PVLLN695R;
				INFOPLIST_FILE = "Axway-TestUITests/Info.plist";
				LD_RUNPATH_SEARCH_PATHS = "$(inherited) @executable_path/Frameworks @loader_path/Frameworks";
				PRODUCT_BUNDLE_IDENTIFIER = "com.innominds.Axway-TestUITests";
				PRODUCT_NAME = "$(TARGET_NAME)";
				SWIFT_VERSION = 3.0;
				TEST_TARGET_NAME = "Axway-Test";
			};
			name = Debug;
		};
		7B5102331F690E6600A7BDF9 /* Release */ = {
			isa = XCBuildConfiguration;
			buildSettings = {
				ALWAYS_EMBED_SWIFT_STANDARD_LIBRARIES = YES;
				DEVELOPMENT_TEAM = 3PVLLN695R;
				INFOPLIST_FILE = "Axway-TestUITests/Info.plist";
				LD_RUNPATH_SEARCH_PATHS = "$(inherited) @executable_path/Frameworks @loader_path/Frameworks";
				PRODUCT_BUNDLE_IDENTIFIER = "com.innominds.Axway-TestUITests";
				PRODUCT_NAME = "$(TARGET_NAME)";
				SWIFT_VERSION = 3.0;
				TEST_TARGET_NAME = "Axway-Test";
			};
			name = Release;
		};
/* End XCBuildConfiguration section */

/* Begin XCConfigurationList section */
		7B5101FE1F690E6400A7BDF9 /* Build configuration list for PBXProject "Axway-Test" */ = {
			isa = XCConfigurationList;
			buildConfigurations = (
				7B5102291F690E6600A7BDF9 /* Debug */,
				7B51022A1F690E6600A7BDF9 /* Release */,
			);
			defaultConfigurationIsVisible = 0;
			defaultConfigurationName = Release;
		};
		7B51022B1F690E6600A7BDF9 /* Build configuration list for PBXNativeTarget "Axway-Test" */ = {
			isa = XCConfigurationList;
			buildConfigurations = (
				7B51022C1F690E6600A7BDF9 /* Debug */,
				7B51022D1F690E6600A7BDF9 /* Release */,
			);
			defaultConfigurationIsVisible = 0;
			defaultConfigurationName = Release;
		};
		7B51022E1F690E6600A7BDF9 /* Build configuration list for PBXNativeTarget "Axway-TestTests" */ = {
			isa = XCConfigurationList;
			buildConfigurations = (
				7B51022F1F690E6600A7BDF9 /* Debug */,
				7B5102301F690E6600A7BDF9 /* Release */,
			);
			defaultConfigurationIsVisible = 0;
			defaultConfigurationName = Release;
		};
		7B5102311F690E6600A7BDF9 /* Build configuration list for PBXNativeTarget "Axway-TestUITests" */ = {
			isa = XCConfigurationList;
			buildConfigurations = (
				7B5102321F690E6600A7BDF9 /* Debug */,
				7B5102331F690E6600A7BDF9 /* Release */,
			);
			defaultConfigurationIsVisible = 0;
			defaultConfigurationName = Release;
		};
/* End XCConfigurationList section */
	};
	rootObject = 7B5101FB1F690E6400A7BDF9 /* Project object */;
}
